// !$*UTF8*$!
{
	archiveVersion = 1;
	classes = {
	};
	objectVersion = 46;
	objects = {

/* Begin PBXBuildFile section */
		03CFE2DC19AA74050053CFD5 /* main.m in Sources */ = {isa = PBXBuildFile; fileRef = 03CFE2DB19AA74050053CFD5 /* main.m */; };
		03CFE2DF19AA74050053CFD5 /* AppDelegate.m in Sources */ = {isa = PBXBuildFile; fileRef = 03CFE2DE19AA74050053CFD5 /* AppDelegate.m */; };
		03CFE2E219AA74050053CFD5 /* ViewController.m in Sources */ = {isa = PBXBuildFile; fileRef = 03CFE2E119AA74050053CFD5 /* ViewController.m */; };
		03CFE2E519AA74050053CFD5 /* Main.storyboard in Resources */ = {isa = PBXBuildFile; fileRef = 03CFE2E319AA74050053CFD5 /* Main.storyboard */; };
		03CFE2E719AA74050053CFD5 /* Images.xcassets in Resources */ = {isa = PBXBuildFile; fileRef = 03CFE2E619AA74050053CFD5 /* Images.xcassets */; };
		03CFE2F319AA74050053CFD5 /* Day_14_BatteryTests.m in Sources */ = {isa = PBXBuildFile; fileRef = 03CFE2F219AA74050053CFD5 /* Day_14_BatteryTests.m */; };
/* End PBXBuildFile section */

/* Begin PBXContainerItemProxy section */
		03CFE2ED19AA74050053CFD5 /* PBXContainerItemProxy */ = {
			isa = PBXContainerItemProxy;
			containerPortal = 03CFE2CE19AA74050053CFD5 /* Project object */;
			proxyType = 1;
			remoteGlobalIDString = 03CFE2D519AA74050053CFD5;
			remoteInfo = "Day 14 Battery";
		};
/* End PBXContainerItemProxy section */

/* Begin PBXFileReference section */
		03CFE2D619AA74050053CFD5 /* Day 14 Battery.app */ = {isa = PBXFileReference; explicitFileType = wrapper.application; includeInIndex = 0; path = "Day 14 Battery.app"; sourceTree = BUILT_PRODUCTS_DIR; };
		03CFE2DA19AA74050053CFD5 /* Info.plist */ = {isa = PBXFileReference; lastKnownFileType = text.plist.xml; path = Info.plist; sourceTree = "<group>"; };
		03CFE2DB19AA74050053CFD5 /* main.m */ = {isa = PBXFileReference; lastKnownFileType = sourcecode.c.objc; path = main.m; sourceTree = "<group>"; };
		03CFE2DD19AA74050053CFD5 /* AppDelegate.h */ = {isa = PBXFileReference; lastKnownFileType = sourcecode.c.h; path = AppDelegate.h; sourceTree = "<group>"; };
		03CFE2DE19AA74050053CFD5 /* AppDelegate.m */ = {isa = PBXFileReference; lastKnownFileType = sourcecode.c.objc; path = AppDelegate.m; sourceTree = "<group>"; };
		03CFE2E019AA74050053CFD5 /* ViewController.h */ = {isa = PBXFileReference; lastKnownFileType = sourcecode.c.h; path = ViewController.h; sourceTree = "<group>"; };
		03CFE2E119AA74050053CFD5 /* ViewController.m */ = {isa = PBXFileReference; lastKnownFileType = sourcecode.c.objc; path = ViewController.m; sourceTree = "<group>"; };
		03CFE2E419AA74050053CFD5 /* Base */ = {isa = PBXFileReference; lastKnownFileType = file.storyboard; name = Base; path = Base.lproj/Main.storyboard; sourceTree = "<group>"; };
		03CFE2E619AA74050053CFD5 /* Images.xcassets */ = {isa = PBXFileReference; lastKnownFileType = folder.assetcatalog; path = Images.xcassets; sourceTree = "<group>"; };
		03CFE2EC19AA74050053CFD5 /* Day 14 BatteryTests.xctest */ = {isa = PBXFileReference; explicitFileType = wrapper.cfbundle; includeInIndex = 0; path = "Day 14 BatteryTests.xctest"; sourceTree = BUILT_PRODUCTS_DIR; };
		03CFE2F119AA74050053CFD5 /* Info.plist */ = {isa = PBXFileReference; lastKnownFileType = text.plist.xml; path = Info.plist; sourceTree = "<group>"; };
		03CFE2F219AA74050053CFD5 /* Day_14_BatteryTests.m */ = {isa = PBXFileReference; lastKnownFileType = sourcecode.c.objc; path = Day_14_BatteryTests.m; sourceTree = "<group>"; };
/* End PBXFileReference section */

/* Begin PBXFrameworksBuildPhase section */
		03CFE2D319AA74050053CFD5 /* Frameworks */ = {
			isa = PBXFrameworksBuildPhase;
			buildActionMask = 2147483647;
			files = (
			);
			runOnlyForDeploymentPostprocessing = 0;
		};
		03CFE2E919AA74050053CFD5 /* Frameworks */ = {
			isa = PBXFrameworksBuildPhase;
			buildActionMask = 2147483647;
			files = (
			);
			runOnlyForDeploymentPostprocessing = 0;
		};
/* End PBXFrameworksBuildPhase section */

/* Begin PBXGroup section */
		03CFE2CD19AA74050053CFD5 = {
			isa = PBXGroup;
			children = (
				03CFE2D819AA74050053CFD5 /* Day 14 Battery */,
				03CFE2EF19AA74050053CFD5 /* Day 14 BatteryTests */,
				03CFE2D719AA74050053CFD5 /* Products */,
			);
			sourceTree = "<group>";
		};
		03CFE2D719AA74050053CFD5 /* Products */ = {
			isa = PBXGroup;
			children = (
				03CFE2D619AA74050053CFD5 /* Day 14 Battery.app */,
				03CFE2EC19AA74050053CFD5 /* Day 14 BatteryTests.xctest */,
			);
			name = Products;
			sourceTree = "<group>";
		};
		03CFE2D819AA74050053CFD5 /* Day 14 Battery */ = {
			isa = PBXGroup;
			children = (
				03CFE2DD19AA74050053CFD5 /* AppDelegate.h */,
				03CFE2DE19AA74050053CFD5 /* AppDelegate.m */,
				03CFE2E019AA74050053CFD5 /* ViewController.h */,
				03CFE2E119AA74050053CFD5 /* ViewController.m */,
				03CFE2E319AA74050053CFD5 /* Main.storyboard */,
				03CFE2E619AA74050053CFD5 /* Images.xcassets */,
				03CFE2D919AA74050053CFD5 /* Supporting Files */,
			);
			path = "Day 14 Battery";
			sourceTree = "<group>";
		};
		03CFE2D919AA74050053CFD5 /* Supporting Files */ = {
			isa = PBXGroup;
			children = (
				03CFE2DA19AA74050053CFD5 /* Info.plist */,
				03CFE2DB19AA74050053CFD5 /* main.m */,
			);
			name = "Supporting Files";
			sourceTree = "<group>";
		};
		03CFE2EF19AA74050053CFD5 /* Day 14 BatteryTests */ = {
			isa = PBXGroup;
			children = (
				03CFE2F219AA74050053CFD5 /* Day_14_BatteryTests.m */,
				03CFE2F019AA74050053CFD5 /* Supporting Files */,
			);
			path = "Day 14 BatteryTests";
			sourceTree = "<group>";
		};
		03CFE2F019AA74050053CFD5 /* Supporting Files */ = {
			isa = PBXGroup;
			children = (
				03CFE2F119AA74050053CFD5 /* Info.plist */,
			);
			name = "Supporting Files";
			sourceTree = "<group>";
		};
/* End PBXGroup section */

/* Begin PBXNativeTarget section */
		03CFE2D519AA74050053CFD5 /* Day 14 Battery */ = {
			isa = PBXNativeTarget;
			buildConfigurationList = 03CFE2F619AA74050053CFD5 /* Build configuration list for PBXNativeTarget "Day 14 Battery" */;
			buildPhases = (
				03CFE2D219AA74050053CFD5 /* Sources */,
				03CFE2D319AA74050053CFD5 /* Frameworks */,
				03CFE2D419AA74050053CFD5 /* Resources */,
			);
			buildRules = (
			);
			dependencies = (
			);
			name = "Day 14 Battery";
			productName = "Day 14 Battery";
			productReference = 03CFE2D619AA74050053CFD5 /* Day 14 Battery.app */;
			productType = "com.apple.product-type.application";
		};
		03CFE2EB19AA74050053CFD5 /* Day 14 BatteryTests */ = {
			isa = PBXNativeTarget;
			buildConfigurationList = 03CFE2F919AA74050053CFD5 /* Build configuration list for PBXNativeTarget "Day 14 BatteryTests" */;
			buildPhases = (
				03CFE2E819AA74050053CFD5 /* Sources */,
				03CFE2E919AA74050053CFD5 /* Frameworks */,
				03CFE2EA19AA74050053CFD5 /* Resources */,
			);
			buildRules = (
			);
			dependencies = (
				03CFE2EE19AA74050053CFD5 /* PBXTargetDependency */,
			);
			name = "Day 14 BatteryTests";
			productName = "Day 14 BatteryTests";
			productReference = 03CFE2EC19AA74050053CFD5 /* Day 14 BatteryTests.xctest */;
			productType = "com.apple.product-type.bundle.unit-test";
		};
/* End PBXNativeTarget section */

/* Begin PBXProject section */
		03CFE2CE19AA74050053CFD5 /* Project object */ = {
			isa = PBXProject;
			attributes = {
				LastUpgradeCheck = 0600;
				ORGANIZATIONNAME = "Grant Timmerman";
				TargetAttributes = {
					03CFE2D519AA74050053CFD5 = {
						CreatedOnToolsVersion = 6.0;
					};
					03CFE2EB19AA74050053CFD5 = {
						CreatedOnToolsVersion = 6.0;
						TestTargetID = 03CFE2D519AA74050053CFD5;
					};
				};
			};
			buildConfigurationList = 03CFE2D119AA74050053CFD5 /* Build configuration list for PBXProject "Day 14 Battery" */;
			compatibilityVersion = "Xcode 3.2";
			developmentRegion = English;
			hasScannedForEncodings = 0;
			knownRegions = (
				en,
				Base,
			);
			mainGroup = 03CFE2CD19AA74050053CFD5;
			productRefGroup = 03CFE2D719AA74050053CFD5 /* Products */;
			projectDirPath = "";
			projectRoot = "";
			targets = (
				03CFE2D519AA74050053CFD5 /* Day 14 Battery */,
				03CFE2EB19AA74050053CFD5 /* Day 14 BatteryTests */,
			);
		};
/* End PBXProject section */

/* Begin PBXResourcesBuildPhase section */
		03CFE2D419AA74050053CFD5 /* Resources */ = {
			isa = PBXResourcesBuildPhase;
			buildActionMask = 2147483647;
			files = (
				03CFE2E519AA74050053CFD5 /* Main.storyboard in Resources */,
				03CFE2E719AA74050053CFD5 /* Images.xcassets in Resources */,
			);
			runOnlyForDeploymentPostprocessing = 0;
		};
		03CFE2EA19AA74050053CFD5 /* Resources */ = {
			isa = PBXResourcesBuildPhase;
			buildActionMask = 2147483647;
			files = (
			);
			runOnlyForDeploymentPostprocessing = 0;
		};
/* End PBXResourcesBuildPhase section */

/* Begin PBXSourcesBuildPhase section */
		03CFE2D219AA74050053CFD5 /* Sources */ = {
			isa = PBXSourcesBuildPhase;
			buildActionMask = 2147483647;
			files = (
				03CFE2E219AA74050053CFD5 /* ViewController.m in Sources */,
				03CFE2DF19AA74050053CFD5 /* AppDelegate.m in Sources */,
				03CFE2DC19AA74050053CFD5 /* main.m in Sources */,
			);
			runOnlyForDeploymentPostprocessing = 0;
		};
		03CFE2E819AA74050053CFD5 /* Sources */ = {
			isa = PBXSourcesBuildPhase;
			buildActionMask = 2147483647;
			files = (
				03CFE2F319AA74050053CFD5 /* Day_14_BatteryTests.m in Sources */,
			);
			runOnlyForDeploymentPostprocessing = 0;
		};
/* End PBXSourcesBuildPhase section */

/* Begin PBXTargetDependency section */
		03CFE2EE19AA74050053CFD5 /* PBXTargetDependency */ = {
			isa = PBXTargetDependency;
			target = 03CFE2D519AA74050053CFD5 /* Day 14 Battery */;
			targetProxy = 03CFE2ED19AA74050053CFD5 /* PBXContainerItemProxy */;
		};
/* End PBXTargetDependency section */

/* Begin PBXVariantGroup section */
		03CFE2E319AA74050053CFD5 /* Main.storyboard */ = {
			isa = PBXVariantGroup;
			children = (
				03CFE2E419AA74050053CFD5 /* Base */,
			);
			name = Main.storyboard;
			sourceTree = "<group>";
		};
/* End PBXVariantGroup section */

/* Begin XCBuildConfiguration section */
		03CFE2F419AA74050053CFD5 /* Debug */ = {
			isa = XCBuildConfiguration;
			buildSettings = {
				ALWAYS_SEARCH_USER_PATHS = NO;
				CLANG_CXX_LANGUAGE_STANDARD = "gnu++0x";
				CLANG_CXX_LIBRARY = "libc++";
				CLANG_ENABLE_MODULES = YES;
				CLANG_ENABLE_OBJC_ARC = YES;
				CLANG_WARN_BOOL_CONVERSION = YES;
				CLANG_WARN_CONSTANT_CONVERSION = YES;
				CLANG_WARN_DIRECT_OBJC_ISA_USAGE = YES_ERROR;
				CLANG_WARN_EMPTY_BODY = YES;
				CLANG_WARN_ENUM_CONVERSION = YES;
				CLANG_WARN_INT_CONVERSION = YES;
				CLANG_WARN_OBJC_ROOT_CLASS = YES_ERROR;
				CLANG_WARN_UNREACHABLE_CODE = YES;
				CLANG_WARN__DUPLICATE_METHOD_MATCH = YES;
				"CODE_SIGN_IDENTITY[sdk=iphoneos*]" = "iPhone Developer";
				COPY_PHASE_STRIP = NO;
				ENABLE_STRICT_OBJC_MSGSEND = YES;
				GCC_C_LANGUAGE_STANDARD = gnu99;
				GCC_DYNAMIC_NO_PIC = NO;
				GCC_OPTIMIZATION_LEVEL = 0;
				GCC_PREPROCESSOR_DEFINITIONS = (
					"DEBUG=1",
					"$(inherited)",
				);
				GCC_SYMBOLS_PRIVATE_EXTERN = NO;
				GCC_WARN_64_TO_32_BIT_CONVERSION = YES;
				GCC_WARN_ABOUT_RETURN_TYPE = YES_ERROR;
				GCC_WARN_UNDECLARED_SELECTOR = YES;
				GCC_WARN_UNINITIALIZED_AUTOS = YES_AGGRESSIVE;
				GCC_WARN_UNUSED_FUNCTION = YES;
				GCC_WARN_UNUSED_VARIABLE = YES;
				IPHONEOS_DEPLOYMENT_TARGET = 8.0;
				MTL_ENABLE_DEBUG_INFO = YES;
				ONLY_ACTIVE_ARCH = YES;
				SDKROOT = iphoneos;
			};
			name = Debug;
		};
		03CFE2F519AA74050053CFD5 /* Release */ = {
			isa = XCBuildConfiguration;
			buildSettings = {
				ALWAYS_SEARCH_USER_PATHS = NO;
				CLANG_CXX_LANGUAGE_STANDARD = "gnu++0x";
				CLANG_CXX_LIBRARY = "libc++";
				CLANG_ENABLE_MODULES = YES;
				CLANG_ENABLE_OBJC_ARC = YES;
				CLANG_WARN_BOOL_CONVERSION = YES;
				CLANG_WARN_CONSTANT_CONVERSION = YES;
				CLANG_WARN_DIRECT_OBJC_ISA_USAGE = YES_ERROR;
				CLANG_WARN_EMPTY_BODY = YES;
				CLANG_WARN_ENUM_CONVERSION = YES;
				CLANG_WARN_INT_CONVERSION = YES;
				CLANG_WARN_OBJC_ROOT_CLASS = YES_ERROR;
				CLANG_WARN_UNREACHABLE_CODE = YES;
				CLANG_WARN__DUPLICATE_METHOD_MATCH = YES;
				"CODE_SIGN_IDENTITY[sdk=iphoneos*]" = "iPhone Developer";
				COPY_PHASE_STRIP = YES;
				ENABLE_NS_ASSERTIONS = NO;
				ENABLE_STRICT_OBJC_MSGSEND = YES;
				GCC_C_LANGUAGE_STANDARD = gnu99;
				GCC_WARN_64_TO_32_BIT_CONVERSION = YES;
				GCC_WARN_ABOUT_RETURN_TYPE = YES_ERROR;
				GCC_WARN_UNDECLARED_SELECTOR = YES;
				GCC_WARN_UNINITIALIZED_AUTOS = YES_AGGRESSIVE;
				GCC_WARN_UNUSED_FUNCTION = YES;
				GCC_WARN_UNUSED_VARIABLE = YES;
				IPHONEOS_DEPLOYMENT_TARGET = 8.0;
				MTL_ENABLE_DEBUG_INFO = NO;
				SDKROOT = iphoneos;
				VALIDATE_PRODUCT = YES;
			};
			name = Release;
		};
		03CFE2F719AA74050053CFD5 /* Debug */ = {
			isa = XCBuildConfiguration;
			buildSettings = {
				ASSETCATALOG_COMPILER_APPICON_NAME = AppIcon;
				ASSETCATALOG_COMPILER_LAUNCHIMAGE_NAME = LaunchImage;
				INFOPLIST_FILE = "Day 14 Battery/Info.plist";
				IPHONEOS_DEPLOYMENT_TARGET = 7.0;
				LD_RUNPATH_SEARCH_PATHS = "$(inherited) @executable_path/Frameworks";
				PRODUCT_NAME = "$(TARGET_NAME)";
			};
			name = Debug;
		};
		03CFE2F819AA74050053CFD5 /* Release */ = {
			isa = XCBuildConfiguration;
			buildSettings = {
				ASSETCATALOG_COMPILER_APPICON_NAME = AppIcon;
				ASSETCATALOG_COMPILER_LAUNCHIMAGE_NAME = LaunchImage;
				INFOPLIST_FILE = "Day 14 Battery/Info.plist";
				IPHONEOS_DEPLOYMENT_TARGET = 7.0;
				LD_RUNPATH_SEARCH_PATHS = "$(inherited) @executable_path/Frameworks";
				PRODUCT_NAME = "$(TARGET_NAME)";
			};
			name = Release;
		};
		03CFE2FA19AA74050053CFD5 /* Debug */ = {
			isa = XCBuildConfiguration;
			buildSettings = {
				BUNDLE_LOADER = "$(TEST_HOST)";
				FRAMEWORK_SEARCH_PATHS = (
					"$(SDKROOT)/Developer/Library/Frameworks",
					"$(inherited)",
				);
				GCC_PREPROCESSOR_DEFINITIONS = (
					"DEBUG=1",
					"$(inherited)",
				);
				INFOPLIST_FILE = "Day 14 BatteryTests/Info.plist";
				LD_RUNPATH_SEARCH_PATHS = "$(inherited) @executable_path/Frameworks @loader_path/Frameworks";
				PRODUCT_NAME = "$(TARGET_NAME)";
				TEST_HOST = "$(BUILT_PRODUCTS_DIR)/Day 14 Battery.app/Day 14 Battery";
			};
			name = Debug;
		};
		03CFE2FB19AA74050053CFD5 /* Release */ = {
			isa = XCBuildConfiguration;
			buildSettings = {
				BUNDLE_LOADER = "$(TEST_HOST)";
				FRAMEWORK_SEARCH_PATHS = (
					"$(SDKROOT)/Developer/Library/Frameworks",
					"$(inherited)",
				);
				INFOPLIST_FILE = "Day 14 BatteryTests/Info.plist";
				LD_RUNPATH_SEARCH_PATHS = "$(inherited) @executable_path/Frameworks @loader_path/Frameworks";
				PRODUCT_NAME = "$(TARGET_NAME)";
				TEST_HOST = "$(BUILT_PRODUCTS_DIR)/Day 14 Battery.app/Day 14 Battery";
			};
			name = Release;
		};
/* End XCBuildConfiguration section */

/* Begin XCConfigurationList section */
		03CFE2D119AA74050053CFD5 /* Build configuration list for PBXProject "Day 14 Battery" */ = {
			isa = XCConfigurationList;
			buildConfigurations = (
				03CFE2F419AA74050053CFD5 /* Debug */,
				03CFE2F519AA74050053CFD5 /* Release */,
			);
			defaultConfigurationIsVisible = 0;
			defaultConfigurationName = Release;
		};
		03CFE2F619AA74050053CFD5 /* Build configuration list for PBXNativeTarget "Day 14 Battery" */ = {
			isa = XCConfigurationList;
			buildConfigurations = (
				03CFE2F719AA74050053CFD5 /* Debug */,
				03CFE2F819AA74050053CFD5 /* Release */,
			);
			defaultConfigurationIsVisible = 0;
		};
		03CFE2F919AA74050053CFD5 /* Build configuration list for PBXNativeTarget "Day 14 BatteryTests" */ = {
			isa = XCConfigurationList;
			buildConfigurations = (
				03CFE2FA19AA74050053CFD5 /* Debug */,
				03CFE2FB19AA74050053CFD5 /* Release */,
			);
			defaultConfigurationIsVisible = 0;
		};
/* End XCConfigurationList section */
	};
	rootObject = 03CFE2CE19AA74050053CFD5 /* Project object */;
}
