// !$*UTF8*$!
{
	archiveVersion = 1;
	classes = {
	};
	objectVersion = 46;
	objects = {

/* Begin PBXBuildFile section */
		038557D91997DEEE0060693E /* main.m in Sources */ = {isa = PBXBuildFile; fileRef = 038557D81997DEEE0060693E /* main.m */; };
		038557DC1997DEEE0060693E /* AppDelegate.m in Sources */ = {isa = PBXBuildFile; fileRef = 038557DB1997DEEE0060693E /* AppDelegate.m */; };
		038557DF1997DEEE0060693E /* ViewController.m in Sources */ = {isa = PBXBuildFile; fileRef = 038557DE1997DEEE0060693E /* ViewController.m */; };
		038557E21997DEEE0060693E /* Main.storyboard in Resources */ = {isa = PBXBuildFile; fileRef = 038557E01997DEEE0060693E /* Main.storyboard */; };
		038557E41997DEEE0060693E /* Images.xcassets in Resources */ = {isa = PBXBuildFile; fileRef = 038557E31997DEEE0060693E /* Images.xcassets */; };
		038557F01997DEEE0060693E /* Day_2_LikeTests.m in Sources */ = {isa = PBXBuildFile; fileRef = 038557EF1997DEEE0060693E /* Day_2_LikeTests.m */; };
/* End PBXBuildFile section */

/* Begin PBXContainerItemProxy section */
		038557EA1997DEEE0060693E /* PBXContainerItemProxy */ = {
			isa = PBXContainerItemProxy;
			containerPortal = 038557CB1997DEEE0060693E /* Project object */;
			proxyType = 1;
			remoteGlobalIDString = 038557D21997DEEE0060693E;
			remoteInfo = "Day 2 Like";
		};
/* End PBXContainerItemProxy section */

/* Begin PBXFileReference section */
		038557D31997DEEE0060693E /* Day 2 Like.app */ = {isa = PBXFileReference; explicitFileType = wrapper.application; includeInIndex = 0; path = "Day 2 Like.app"; sourceTree = BUILT_PRODUCTS_DIR; };
		038557D71997DEEE0060693E /* Info.plist */ = {isa = PBXFileReference; lastKnownFileType = text.plist.xml; path = Info.plist; sourceTree = "<group>"; };
		038557D81997DEEE0060693E /* main.m */ = {isa = PBXFileReference; lastKnownFileType = sourcecode.c.objc; path = main.m; sourceTree = "<group>"; };
		038557DA1997DEEE0060693E /* AppDelegate.h */ = {isa = PBXFileReference; lastKnownFileType = sourcecode.c.h; path = AppDelegate.h; sourceTree = "<group>"; };
		038557DB1997DEEE0060693E /* AppDelegate.m */ = {isa = PBXFileReference; lastKnownFileType = sourcecode.c.objc; path = AppDelegate.m; sourceTree = "<group>"; };
		038557DD1997DEEE0060693E /* ViewController.h */ = {isa = PBXFileReference; lastKnownFileType = sourcecode.c.h; path = ViewController.h; sourceTree = "<group>"; };
		038557DE1997DEEE0060693E /* ViewController.m */ = {isa = PBXFileReference; lastKnownFileType = sourcecode.c.objc; path = ViewController.m; sourceTree = "<group>"; };
		038557E11997DEEE0060693E /* Base */ = {isa = PBXFileReference; lastKnownFileType = file.storyboard; name = Base; path = Base.lproj/Main.storyboard; sourceTree = "<group>"; };
		038557E31997DEEE0060693E /* Images.xcassets */ = {isa = PBXFileReference; lastKnownFileType = folder.assetcatalog; path = Images.xcassets; sourceTree = "<group>"; };
		038557E91997DEEE0060693E /* Day 2 LikeTests.xctest */ = {isa = PBXFileReference; explicitFileType = wrapper.cfbundle; includeInIndex = 0; path = "Day 2 LikeTests.xctest"; sourceTree = BUILT_PRODUCTS_DIR; };
		038557EE1997DEEE0060693E /* Info.plist */ = {isa = PBXFileReference; lastKnownFileType = text.plist.xml; path = Info.plist; sourceTree = "<group>"; };
		038557EF1997DEEE0060693E /* Day_2_LikeTests.m */ = {isa = PBXFileReference; lastKnownFileType = sourcecode.c.objc; path = Day_2_LikeTests.m; sourceTree = "<group>"; };
/* End PBXFileReference section */

/* Begin PBXFrameworksBuildPhase section */
		038557D01997DEEE0060693E /* Frameworks */ = {
			isa = PBXFrameworksBuildPhase;
			buildActionMask = 2147483647;
			files = (
			);
			runOnlyForDeploymentPostprocessing = 0;
		};
		038557E61997DEEE0060693E /* Frameworks */ = {
			isa = PBXFrameworksBuildPhase;
			buildActionMask = 2147483647;
			files = (
			);
			runOnlyForDeploymentPostprocessing = 0;
		};
/* End PBXFrameworksBuildPhase section */

/* Begin PBXGroup section */
		038557CA1997DEEE0060693E = {
			isa = PBXGroup;
			children = (
				038557D51997DEEE0060693E /* Day 2 Like */,
				038557EC1997DEEE0060693E /* Day 2 LikeTests */,
				038557D41997DEEE0060693E /* Products */,
			);
			sourceTree = "<group>";
		};
		038557D41997DEEE0060693E /* Products */ = {
			isa = PBXGroup;
			children = (
				038557D31997DEEE0060693E /* Day 2 Like.app */,
				038557E91997DEEE0060693E /* Day 2 LikeTests.xctest */,
			);
			name = Products;
			sourceTree = "<group>";
		};
		038557D51997DEEE0060693E /* Day 2 Like */ = {
			isa = PBXGroup;
			children = (
				038557DA1997DEEE0060693E /* AppDelegate.h */,
				038557DB1997DEEE0060693E /* AppDelegate.m */,
				038557DD1997DEEE0060693E /* ViewController.h */,
				038557DE1997DEEE0060693E /* ViewController.m */,
				038557E01997DEEE0060693E /* Main.storyboard */,
				038557E31997DEEE0060693E /* Images.xcassets */,
				038557D61997DEEE0060693E /* Supporting Files */,
			);
			path = "Day 2 Like";
			sourceTree = "<group>";
		};
		038557D61997DEEE0060693E /* Supporting Files */ = {
			isa = PBXGroup;
			children = (
				038557D71997DEEE0060693E /* Info.plist */,
				038557D81997DEEE0060693E /* main.m */,
			);
			name = "Supporting Files";
			sourceTree = "<group>";
		};
		038557EC1997DEEE0060693E /* Day 2 LikeTests */ = {
			isa = PBXGroup;
			children = (
				038557EF1997DEEE0060693E /* Day_2_LikeTests.m */,
				038557ED1997DEEE0060693E /* Supporting Files */,
			);
			path = "Day 2 LikeTests";
			sourceTree = "<group>";
		};
		038557ED1997DEEE0060693E /* Supporting Files */ = {
			isa = PBXGroup;
			children = (
				038557EE1997DEEE0060693E /* Info.plist */,
			);
			name = "Supporting Files";
			sourceTree = "<group>";
		};
/* End PBXGroup section */

/* Begin PBXNativeTarget section */
		038557D21997DEEE0060693E /* Day 2 Like */ = {
			isa = PBXNativeTarget;
			buildConfigurationList = 038557F31997DEEE0060693E /* Build configuration list for PBXNativeTarget "Day 2 Like" */;
			buildPhases = (
				038557CF1997DEEE0060693E /* Sources */,
				038557D01997DEEE0060693E /* Frameworks */,
				038557D11997DEEE0060693E /* Resources */,
			);
			buildRules = (
			);
			dependencies = (
			);
			name = "Day 2 Like";
			productName = "Day 2 Like";
			productReference = 038557D31997DEEE0060693E /* Day 2 Like.app */;
			productType = "com.apple.product-type.application";
		};
		038557E81997DEEE0060693E /* Day 2 LikeTests */ = {
			isa = PBXNativeTarget;
			buildConfigurationList = 038557F61997DEEE0060693E /* Build configuration list for PBXNativeTarget "Day 2 LikeTests" */;
			buildPhases = (
				038557E51997DEEE0060693E /* Sources */,
				038557E61997DEEE0060693E /* Frameworks */,
				038557E71997DEEE0060693E /* Resources */,
			);
			buildRules = (
			);
			dependencies = (
				038557EB1997DEEE0060693E /* PBXTargetDependency */,
			);
			name = "Day 2 LikeTests";
			productName = "Day 2 LikeTests";
			productReference = 038557E91997DEEE0060693E /* Day 2 LikeTests.xctest */;
			productType = "com.apple.product-type.bundle.unit-test";
		};
/* End PBXNativeTarget section */

/* Begin PBXProject section */
		038557CB1997DEEE0060693E /* Project object */ = {
			isa = PBXProject;
			attributes = {
				LastUpgradeCheck = 0600;
				ORGANIZATIONNAME = "Grant Timmerman";
				TargetAttributes = {
					038557D21997DEEE0060693E = {
						CreatedOnToolsVersion = 6.0;
						DevelopmentTeam = 6Q7K283DQH;
					};
					038557E81997DEEE0060693E = {
						CreatedOnToolsVersion = 6.0;
						TestTargetID = 038557D21997DEEE0060693E;
					};
				};
			};
			buildConfigurationList = 038557CE1997DEEE0060693E /* Build configuration list for PBXProject "Day 2 Like" */;
			compatibilityVersion = "Xcode 3.2";
			developmentRegion = English;
			hasScannedForEncodings = 0;
			knownRegions = (
				en,
				Base,
			);
			mainGroup = 038557CA1997DEEE0060693E;
			productRefGroup = 038557D41997DEEE0060693E /* Products */;
			projectDirPath = "";
			projectRoot = "";
			targets = (
				038557D21997DEEE0060693E /* Day 2 Like */,
				038557E81997DEEE0060693E /* Day 2 LikeTests */,
			);
		};
/* End PBXProject section */

/* Begin PBXResourcesBuildPhase section */
		038557D11997DEEE0060693E /* Resources */ = {
			isa = PBXResourcesBuildPhase;
			buildActionMask = 2147483647;
			files = (
				038557E21997DEEE0060693E /* Main.storyboard in Resources */,
				038557E41997DEEE0060693E /* Images.xcassets in Resources */,
			);
			runOnlyForDeploymentPostprocessing = 0;
		};
		038557E71997DEEE0060693E /* Resources */ = {
			isa = PBXResourcesBuildPhase;
			buildActionMask = 2147483647;
			files = (
			);
			runOnlyForDeploymentPostprocessing = 0;
		};
/* End PBXResourcesBuildPhase section */

/* Begin PBXSourcesBuildPhase section */
		038557CF1997DEEE0060693E /* Sources */ = {
			isa = PBXSourcesBuildPhase;
			buildActionMask = 2147483647;
			files = (
				038557DF1997DEEE0060693E /* ViewController.m in Sources */,
				038557DC1997DEEE0060693E /* AppDelegate.m in Sources */,
				038557D91997DEEE0060693E /* main.m in Sources */,
			);
			runOnlyForDeploymentPostprocessing = 0;
		};
		038557E51997DEEE0060693E /* Sources */ = {
			isa = PBXSourcesBuildPhase;
			buildActionMask = 2147483647;
			files = (
				038557F01997DEEE0060693E /* Day_2_LikeTests.m in Sources */,
			);
			runOnlyForDeploymentPostprocessing = 0;
		};
/* End PBXSourcesBuildPhase section */

/* Begin PBXTargetDependency section */
		038557EB1997DEEE0060693E /* PBXTargetDependency */ = {
			isa = PBXTargetDependency;
			target = 038557D21997DEEE0060693E /* Day 2 Like */;
			targetProxy = 038557EA1997DEEE0060693E /* PBXContainerItemProxy */;
		};
/* End PBXTargetDependency section */

/* Begin PBXVariantGroup section */
		038557E01997DEEE0060693E /* Main.storyboard */ = {
			isa = PBXVariantGroup;
			children = (
				038557E11997DEEE0060693E /* Base */,
			);
			name = Main.storyboard;
			sourceTree = "<group>";
		};
/* End PBXVariantGroup section */

/* Begin XCBuildConfiguration section */
		038557F11997DEEE0060693E /* Debug */ = {
			isa = XCBuildConfiguration;
			buildSettings = {
				ALWAYS_SEARCH_USER_PATHS = NO;
				CLANG_CXX_LANGUAGE_STANDARD = "gnu++0x";
				CLANG_CXX_LIBRARY = "libc++";
				CLANG_ENABLE_MODULES = YES;
				CLANG_ENABLE_OBJC_ARC = YES;
				CLANG_WARN_BOOL_CONVERSION = YES;
				CLANG_WARN_CONSTANT_CONVERSION = YES;
				CLANG_WARN_DIRECT_OBJC_ISA_USAGE = YES_ERROR;
				CLANG_WARN_EMPTY_BODY = YES;
				CLANG_WARN_ENUM_CONVERSION = YES;
				CLANG_WARN_INT_CONVERSION = YES;
				CLANG_WARN_OBJC_ROOT_CLASS = YES_ERROR;
				CLANG_WARN_UNREACHABLE_CODE = YES;
				CLANG_WARN__DUPLICATE_METHOD_MATCH = YES;
				"CODE_SIGN_IDENTITY[sdk=iphoneos*]" = "iPhone Developer";
				COPY_PHASE_STRIP = NO;
				ENABLE_STRICT_OBJC_MSGSEND = YES;
				GCC_C_LANGUAGE_STANDARD = gnu99;
				GCC_DYNAMIC_NO_PIC = NO;
				GCC_OPTIMIZATION_LEVEL = 0;
				GCC_PREPROCESSOR_DEFINITIONS = (
					"DEBUG=1",
					"$(inherited)",
				);
				GCC_SYMBOLS_PRIVATE_EXTERN = NO;
				GCC_WARN_64_TO_32_BIT_CONVERSION = YES;
				GCC_WARN_ABOUT_RETURN_TYPE = YES_ERROR;
				GCC_WARN_UNDECLARED_SELECTOR = YES;
				GCC_WARN_UNINITIALIZED_AUTOS = YES_AGGRESSIVE;
				GCC_WARN_UNUSED_FUNCTION = YES;
				GCC_WARN_UNUSED_VARIABLE = YES;
				IPHONEOS_DEPLOYMENT_TARGET = 8.0;
				METAL_ENABLE_DEBUG_INFO = YES;
				ONLY_ACTIVE_ARCH = YES;
				SDKROOT = iphoneos;
			};
			name = Debug;
		};
		038557F21997DEEE0060693E /* Release */ = {
			isa = XCBuildConfiguration;
			buildSettings = {
				ALWAYS_SEARCH_USER_PATHS = NO;
				CLANG_CXX_LANGUAGE_STANDARD = "gnu++0x";
				CLANG_CXX_LIBRARY = "libc++";
				CLANG_ENABLE_MODULES = YES;
				CLANG_ENABLE_OBJC_ARC = YES;
				CLANG_WARN_BOOL_CONVERSION = YES;
				CLANG_WARN_CONSTANT_CONVERSION = YES;
				CLANG_WARN_DIRECT_OBJC_ISA_USAGE = YES_ERROR;
				CLANG_WARN_EMPTY_BODY = YES;
				CLANG_WARN_ENUM_CONVERSION = YES;
				CLANG_WARN_INT_CONVERSION = YES;
				CLANG_WARN_OBJC_ROOT_CLASS = YES_ERROR;
				CLANG_WARN_UNREACHABLE_CODE = YES;
				CLANG_WARN__DUPLICATE_METHOD_MATCH = YES;
				"CODE_SIGN_IDENTITY[sdk=iphoneos*]" = "iPhone Developer";
				COPY_PHASE_STRIP = YES;
				ENABLE_NS_ASSERTIONS = NO;
				ENABLE_STRICT_OBJC_MSGSEND = YES;
				GCC_C_LANGUAGE_STANDARD = gnu99;
				GCC_WARN_64_TO_32_BIT_CONVERSION = YES;
				GCC_WARN_ABOUT_RETURN_TYPE = YES_ERROR;
				GCC_WARN_UNDECLARED_SELECTOR = YES;
				GCC_WARN_UNINITIALIZED_AUTOS = YES_AGGRESSIVE;
				GCC_WARN_UNUSED_FUNCTION = YES;
				GCC_WARN_UNUSED_VARIABLE = YES;
				IPHONEOS_DEPLOYMENT_TARGET = 8.0;
				METAL_ENABLE_DEBUG_INFO = NO;
				SDKROOT = iphoneos;
				VALIDATE_PRODUCT = YES;
			};
			name = Release;
		};
		038557F41997DEEE0060693E /* Debug */ = {
			isa = XCBuildConfiguration;
			buildSettings = {
				ASSETCATALOG_COMPILER_APPICON_NAME = AppIcon;
				ASSETCATALOG_COMPILER_LAUNCHIMAGE_NAME = LaunchImage;
				INFOPLIST_FILE = "Day 2 Like/Info.plist";
				IPHONEOS_DEPLOYMENT_TARGET = 7.0;
				LD_RUNPATH_SEARCH_PATHS = "$(inherited) @executable_path/Frameworks";
				PRODUCT_NAME = "$(TARGET_NAME)";
			};
			name = Debug;
		};
		038557F51997DEEE0060693E /* Release */ = {
			isa = XCBuildConfiguration;
			buildSettings = {
				ASSETCATALOG_COMPILER_APPICON_NAME = AppIcon;
				ASSETCATALOG_COMPILER_LAUNCHIMAGE_NAME = LaunchImage;
				INFOPLIST_FILE = "Day 2 Like/Info.plist";
				IPHONEOS_DEPLOYMENT_TARGET = 7.0;
				LD_RUNPATH_SEARCH_PATHS = "$(inherited) @executable_path/Frameworks";
				PRODUCT_NAME = "$(TARGET_NAME)";
			};
			name = Release;
		};
		038557F71997DEEE0060693E /* Debug */ = {
			isa = XCBuildConfiguration;
			buildSettings = {
				BUNDLE_LOADER = "$(BUILT_PRODUCTS_DIR)/Day 2 Like.app/Day 2 Like";
				FRAMEWORK_SEARCH_PATHS = (
					"$(SDKROOT)/Developer/Library/Frameworks",
					"$(inherited)",
				);
				GCC_PREPROCESSOR_DEFINITIONS = (
					"DEBUG=1",
					"$(inherited)",
				);
				INFOPLIST_FILE = "Day 2 LikeTests/Info.plist";
				LD_RUNPATH_SEARCH_PATHS = "$(inherited) @executable_path/Frameworks @loader_path/Frameworks";
				METAL_ENABLE_DEBUG_INFO = YES;
				PRODUCT_NAME = "$(TARGET_NAME)";
				TEST_HOST = "$(BUNDLE_LOADER)";
			};
			name = Debug;
		};
		038557F81997DEEE0060693E /* Release */ = {
			isa = XCBuildConfiguration;
			buildSettings = {
				BUNDLE_LOADER = "$(BUILT_PRODUCTS_DIR)/Day 2 Like.app/Day 2 Like";
				FRAMEWORK_SEARCH_PATHS = (
					"$(SDKROOT)/Developer/Library/Frameworks",
					"$(inherited)",
				);
				INFOPLIST_FILE = "Day 2 LikeTests/Info.plist";
				LD_RUNPATH_SEARCH_PATHS = "$(inherited) @executable_path/Frameworks @loader_path/Frameworks";
				METAL_ENABLE_DEBUG_INFO = NO;
				PRODUCT_NAME = "$(TARGET_NAME)";
				TEST_HOST = "$(BUNDLE_LOADER)";
			};
			name = Release;
		};
/* End XCBuildConfiguration section */

/* Begin XCConfigurationList section */
		038557CE1997DEEE0060693E /* Build configuration list for PBXProject "Day 2 Like" */ = {
			isa = XCConfigurationList;
			buildConfigurations = (
				038557F11997DEEE0060693E /* Debug */,
				038557F21997DEEE0060693E /* Release */,
			);
			defaultConfigurationIsVisible = 0;
			defaultConfigurationName = Release;
		};
		038557F31997DEEE0060693E /* Build configuration list for PBXNativeTarget "Day 2 Like" */ = {
			isa = XCConfigurationList;
			buildConfigurations = (
				038557F41997DEEE0060693E /* Debug */,
				038557F51997DEEE0060693E /* Release */,
			);
			defaultConfigurationIsVisible = 0;
			defaultConfigurationName = Release;
		};
		038557F61997DEEE0060693E /* Build configuration list for PBXNativeTarget "Day 2 LikeTests" */ = {
			isa = XCConfigurationList;
			buildConfigurations = (
				038557F71997DEEE0060693E /* Debug */,
				038557F81997DEEE0060693E /* Release */,
			);
			defaultConfigurationIsVisible = 0;
			defaultConfigurationName = Release;
		};
/* End XCConfigurationList section */
	};
	rootObject = 038557CB1997DEEE0060693E /* Project object */;
}
