// !$*UTF8*$!
{
	archiveVersion = 1;
	classes = {
	};
	objectVersion = 46;
	objects = {

/* Begin PBXBuildFile section */
		030487F519968DC700CD6D54 /* main.m in Sources */ = {isa = PBXBuildFile; fileRef = 030487F419968DC700CD6D54 /* main.m */; };
		030487F819968DC700CD6D54 /* AppDelegate.m in Sources */ = {isa = PBXBuildFile; fileRef = 030487F719968DC700CD6D54 /* AppDelegate.m */; };
		030487FB19968DC700CD6D54 /* ViewController.m in Sources */ = {isa = PBXBuildFile; fileRef = 030487FA19968DC700CD6D54 /* ViewController.m */; };
		030487FE19968DC700CD6D54 /* Main.storyboard in Resources */ = {isa = PBXBuildFile; fileRef = 030487FC19968DC700CD6D54 /* Main.storyboard */; };
		0304880019968DC700CD6D54 /* Images.xcassets in Resources */ = {isa = PBXBuildFile; fileRef = 030487FF19968DC700CD6D54 /* Images.xcassets */; };
		0304880C19968DC700CD6D54 /* Day_1_Hello_WorldTests.m in Sources */ = {isa = PBXBuildFile; fileRef = 0304880B19968DC700CD6D54 /* Day_1_Hello_WorldTests.m */; };
/* End PBXBuildFile section */

/* Begin PBXContainerItemProxy section */
		0304880619968DC700CD6D54 /* PBXContainerItemProxy */ = {
			isa = PBXContainerItemProxy;
			containerPortal = 030487E719968DC700CD6D54 /* Project object */;
			proxyType = 1;
			remoteGlobalIDString = 030487EE19968DC700CD6D54;
			remoteInfo = "Day 1 Hello World";
		};
/* End PBXContainerItemProxy section */

/* Begin PBXFileReference section */
		030487EF19968DC700CD6D54 /* Day 1 Hello World.app */ = {isa = PBXFileReference; explicitFileType = wrapper.application; includeInIndex = 0; path = "Day 1 Hello World.app"; sourceTree = BUILT_PRODUCTS_DIR; };
		030487F319968DC700CD6D54 /* Info.plist */ = {isa = PBXFileReference; lastKnownFileType = text.plist.xml; path = Info.plist; sourceTree = "<group>"; };
		030487F419968DC700CD6D54 /* main.m */ = {isa = PBXFileReference; lastKnownFileType = sourcecode.c.objc; path = main.m; sourceTree = "<group>"; };
		030487F619968DC700CD6D54 /* AppDelegate.h */ = {isa = PBXFileReference; lastKnownFileType = sourcecode.c.h; path = AppDelegate.h; sourceTree = "<group>"; };
		030487F719968DC700CD6D54 /* AppDelegate.m */ = {isa = PBXFileReference; lastKnownFileType = sourcecode.c.objc; path = AppDelegate.m; sourceTree = "<group>"; };
		030487F919968DC700CD6D54 /* ViewController.h */ = {isa = PBXFileReference; lastKnownFileType = sourcecode.c.h; path = ViewController.h; sourceTree = "<group>"; };
		030487FA19968DC700CD6D54 /* ViewController.m */ = {isa = PBXFileReference; lastKnownFileType = sourcecode.c.objc; path = ViewController.m; sourceTree = "<group>"; };
		030487FD19968DC700CD6D54 /* Base */ = {isa = PBXFileReference; lastKnownFileType = file.storyboard; name = Base; path = Base.lproj/Main.storyboard; sourceTree = "<group>"; };
		030487FF19968DC700CD6D54 /* Images.xcassets */ = {isa = PBXFileReference; lastKnownFileType = folder.assetcatalog; path = Images.xcassets; sourceTree = "<group>"; };
		0304880519968DC700CD6D54 /* Day 1 Hello WorldTests.xctest */ = {isa = PBXFileReference; explicitFileType = wrapper.cfbundle; includeInIndex = 0; path = "Day 1 Hello WorldTests.xctest"; sourceTree = BUILT_PRODUCTS_DIR; };
		0304880A19968DC700CD6D54 /* Info.plist */ = {isa = PBXFileReference; lastKnownFileType = text.plist.xml; path = Info.plist; sourceTree = "<group>"; };
		0304880B19968DC700CD6D54 /* Day_1_Hello_WorldTests.m */ = {isa = PBXFileReference; lastKnownFileType = sourcecode.c.objc; path = Day_1_Hello_WorldTests.m; sourceTree = "<group>"; };
/* End PBXFileReference section */

/* Begin PBXFrameworksBuildPhase section */
		030487EC19968DC700CD6D54 /* Frameworks */ = {
			isa = PBXFrameworksBuildPhase;
			buildActionMask = 2147483647;
			files = (
			);
			runOnlyForDeploymentPostprocessing = 0;
		};
		0304880219968DC700CD6D54 /* Frameworks */ = {
			isa = PBXFrameworksBuildPhase;
			buildActionMask = 2147483647;
			files = (
			);
			runOnlyForDeploymentPostprocessing = 0;
		};
/* End PBXFrameworksBuildPhase section */

/* Begin PBXGroup section */
		030487E619968DC700CD6D54 = {
			isa = PBXGroup;
			children = (
				030487F119968DC700CD6D54 /* Day 1 Hello World */,
				0304880819968DC700CD6D54 /* Day 1 Hello WorldTests */,
				030487F019968DC700CD6D54 /* Products */,
			);
			sourceTree = "<group>";
		};
		030487F019968DC700CD6D54 /* Products */ = {
			isa = PBXGroup;
			children = (
				030487EF19968DC700CD6D54 /* Day 1 Hello World.app */,
				0304880519968DC700CD6D54 /* Day 1 Hello WorldTests.xctest */,
			);
			name = Products;
			sourceTree = "<group>";
		};
		030487F119968DC700CD6D54 /* Day 1 Hello World */ = {
			isa = PBXGroup;
			children = (
				030487F619968DC700CD6D54 /* AppDelegate.h */,
				030487F719968DC700CD6D54 /* AppDelegate.m */,
				030487F919968DC700CD6D54 /* ViewController.h */,
				030487FA19968DC700CD6D54 /* ViewController.m */,
				030487FC19968DC700CD6D54 /* Main.storyboard */,
				030487FF19968DC700CD6D54 /* Images.xcassets */,
				030487F219968DC700CD6D54 /* Supporting Files */,
			);
			path = "Day 1 Hello World";
			sourceTree = "<group>";
		};
		030487F219968DC700CD6D54 /* Supporting Files */ = {
			isa = PBXGroup;
			children = (
				030487F319968DC700CD6D54 /* Info.plist */,
				030487F419968DC700CD6D54 /* main.m */,
			);
			name = "Supporting Files";
			sourceTree = "<group>";
		};
		0304880819968DC700CD6D54 /* Day 1 Hello WorldTests */ = {
			isa = PBXGroup;
			children = (
				0304880B19968DC700CD6D54 /* Day_1_Hello_WorldTests.m */,
				0304880919968DC700CD6D54 /* Supporting Files */,
			);
			path = "Day 1 Hello WorldTests";
			sourceTree = "<group>";
		};
		0304880919968DC700CD6D54 /* Supporting Files */ = {
			isa = PBXGroup;
			children = (
				0304880A19968DC700CD6D54 /* Info.plist */,
			);
			name = "Supporting Files";
			sourceTree = "<group>";
		};
/* End PBXGroup section */

/* Begin PBXNativeTarget section */
		030487EE19968DC700CD6D54 /* Day 1 Hello World */ = {
			isa = PBXNativeTarget;
			buildConfigurationList = 0304880F19968DC700CD6D54 /* Build configuration list for PBXNativeTarget "Day 1 Hello World" */;
			buildPhases = (
				030487EB19968DC700CD6D54 /* Sources */,
				030487EC19968DC700CD6D54 /* Frameworks */,
				030487ED19968DC700CD6D54 /* Resources */,
			);
			buildRules = (
			);
			dependencies = (
			);
			name = "Day 1 Hello World";
			productName = "Day 1 Hello World";
			productReference = 030487EF19968DC700CD6D54 /* Day 1 Hello World.app */;
			productType = "com.apple.product-type.application";
		};
		0304880419968DC700CD6D54 /* Day 1 Hello WorldTests */ = {
			isa = PBXNativeTarget;
			buildConfigurationList = 0304881219968DC700CD6D54 /* Build configuration list for PBXNativeTarget "Day 1 Hello WorldTests" */;
			buildPhases = (
				0304880119968DC700CD6D54 /* Sources */,
				0304880219968DC700CD6D54 /* Frameworks */,
				0304880319968DC700CD6D54 /* Resources */,
			);
			buildRules = (
			);
			dependencies = (
				0304880719968DC700CD6D54 /* PBXTargetDependency */,
			);
			name = "Day 1 Hello WorldTests";
			productName = "Day 1 Hello WorldTests";
			productReference = 0304880519968DC700CD6D54 /* Day 1 Hello WorldTests.xctest */;
			productType = "com.apple.product-type.bundle.unit-test";
		};
/* End PBXNativeTarget section */

/* Begin PBXProject section */
		030487E719968DC700CD6D54 /* Project object */ = {
			isa = PBXProject;
			attributes = {
				LastUpgradeCheck = 0600;
				ORGANIZATIONNAME = "Grant Timmerman";
				TargetAttributes = {
					030487EE19968DC700CD6D54 = {
						CreatedOnToolsVersion = 6.0;
					};
					0304880419968DC700CD6D54 = {
						CreatedOnToolsVersion = 6.0;
						TestTargetID = 030487EE19968DC700CD6D54;
					};
				};
			};
			buildConfigurationList = 030487EA19968DC700CD6D54 /* Build configuration list for PBXProject "Day 1 Hello World" */;
			compatibilityVersion = "Xcode 3.2";
			developmentRegion = English;
			hasScannedForEncodings = 0;
			knownRegions = (
				en,
				Base,
			);
			mainGroup = 030487E619968DC700CD6D54;
			productRefGroup = 030487F019968DC700CD6D54 /* Products */;
			projectDirPath = "";
			projectRoot = "";
			targets = (
				030487EE19968DC700CD6D54 /* Day 1 Hello World */,
				0304880419968DC700CD6D54 /* Day 1 Hello WorldTests */,
			);
		};
/* End PBXProject section */

/* Begin PBXResourcesBuildPhase section */
		030487ED19968DC700CD6D54 /* Resources */ = {
			isa = PBXResourcesBuildPhase;
			buildActionMask = 2147483647;
			files = (
				030487FE19968DC700CD6D54 /* Main.storyboard in Resources */,
				0304880019968DC700CD6D54 /* Images.xcassets in Resources */,
			);
			runOnlyForDeploymentPostprocessing = 0;
		};
		0304880319968DC700CD6D54 /* Resources */ = {
			isa = PBXResourcesBuildPhase;
			buildActionMask = 2147483647;
			files = (
			);
			runOnlyForDeploymentPostprocessing = 0;
		};
/* End PBXResourcesBuildPhase section */

/* Begin PBXSourcesBuildPhase section */
		030487EB19968DC700CD6D54 /* Sources */ = {
			isa = PBXSourcesBuildPhase;
			buildActionMask = 2147483647;
			files = (
				030487FB19968DC700CD6D54 /* ViewController.m in Sources */,
				030487F819968DC700CD6D54 /* AppDelegate.m in Sources */,
				030487F519968DC700CD6D54 /* main.m in Sources */,
			);
			runOnlyForDeploymentPostprocessing = 0;
		};
		0304880119968DC700CD6D54 /* Sources */ = {
			isa = PBXSourcesBuildPhase;
			buildActionMask = 2147483647;
			files = (
				0304880C19968DC700CD6D54 /* Day_1_Hello_WorldTests.m in Sources */,
			);
			runOnlyForDeploymentPostprocessing = 0;
		};
/* End PBXSourcesBuildPhase section */

/* Begin PBXTargetDependency section */
		0304880719968DC700CD6D54 /* PBXTargetDependency */ = {
			isa = PBXTargetDependency;
			target = 030487EE19968DC700CD6D54 /* Day 1 Hello World */;
			targetProxy = 0304880619968DC700CD6D54 /* PBXContainerItemProxy */;
		};
/* End PBXTargetDependency section */

/* Begin PBXVariantGroup section */
		030487FC19968DC700CD6D54 /* Main.storyboard */ = {
			isa = PBXVariantGroup;
			children = (
				030487FD19968DC700CD6D54 /* Base */,
			);
			name = Main.storyboard;
			sourceTree = "<group>";
		};
/* End PBXVariantGroup section */

/* Begin XCBuildConfiguration section */
		0304880D19968DC700CD6D54 /* Debug */ = {
			isa = XCBuildConfiguration;
			buildSettings = {
				ALWAYS_SEARCH_USER_PATHS = NO;
				CLANG_CXX_LANGUAGE_STANDARD = "gnu++0x";
				CLANG_CXX_LIBRARY = "libc++";
				CLANG_ENABLE_MODULES = YES;
				CLANG_ENABLE_OBJC_ARC = YES;
				CLANG_WARN_BOOL_CONVERSION = YES;
				CLANG_WARN_CONSTANT_CONVERSION = YES;
				CLANG_WARN_DIRECT_OBJC_ISA_USAGE = YES_ERROR;
				CLANG_WARN_EMPTY_BODY = YES;
				CLANG_WARN_ENUM_CONVERSION = YES;
				CLANG_WARN_INT_CONVERSION = YES;
				CLANG_WARN_OBJC_ROOT_CLASS = YES_ERROR;
				CLANG_WARN_UNREACHABLE_CODE = YES;
				CLANG_WARN__DUPLICATE_METHOD_MATCH = YES;
				"CODE_SIGN_IDENTITY[sdk=iphoneos*]" = "iPhone Developer";
				COPY_PHASE_STRIP = NO;
				ENABLE_STRICT_OBJC_MSGSEND = YES;
				GCC_C_LANGUAGE_STANDARD = gnu99;
				GCC_DYNAMIC_NO_PIC = NO;
				GCC_OPTIMIZATION_LEVEL = 0;
				GCC_PREPROCESSOR_DEFINITIONS = (
					"DEBUG=1",
					"$(inherited)",
				);
				GCC_SYMBOLS_PRIVATE_EXTERN = NO;
				GCC_WARN_64_TO_32_BIT_CONVERSION = YES;
				GCC_WARN_ABOUT_RETURN_TYPE = YES_ERROR;
				GCC_WARN_UNDECLARED_SELECTOR = YES;
				GCC_WARN_UNINITIALIZED_AUTOS = YES_AGGRESSIVE;
				GCC_WARN_UNUSED_FUNCTION = YES;
				GCC_WARN_UNUSED_VARIABLE = YES;
				IPHONEOS_DEPLOYMENT_TARGET = 8.0;
				METAL_ENABLE_DEBUG_INFO = YES;
				ONLY_ACTIVE_ARCH = YES;
				SDKROOT = iphoneos;
			};
			name = Debug;
		};
		0304880E19968DC700CD6D54 /* Release */ = {
			isa = XCBuildConfiguration;
			buildSettings = {
				ALWAYS_SEARCH_USER_PATHS = NO;
				CLANG_CXX_LANGUAGE_STANDARD = "gnu++0x";
				CLANG_CXX_LIBRARY = "libc++";
				CLANG_ENABLE_MODULES = YES;
				CLANG_ENABLE_OBJC_ARC = YES;
				CLANG_WARN_BOOL_CONVERSION = YES;
				CLANG_WARN_CONSTANT_CONVERSION = YES;
				CLANG_WARN_DIRECT_OBJC_ISA_USAGE = YES_ERROR;
				CLANG_WARN_EMPTY_BODY = YES;
				CLANG_WARN_ENUM_CONVERSION = YES;
				CLANG_WARN_INT_CONVERSION = YES;
				CLANG_WARN_OBJC_ROOT_CLASS = YES_ERROR;
				CLANG_WARN_UNREACHABLE_CODE = YES;
				CLANG_WARN__DUPLICATE_METHOD_MATCH = YES;
				"CODE_SIGN_IDENTITY[sdk=iphoneos*]" = "iPhone Developer";
				COPY_PHASE_STRIP = YES;
				ENABLE_NS_ASSERTIONS = NO;
				ENABLE_STRICT_OBJC_MSGSEND = YES;
				GCC_C_LANGUAGE_STANDARD = gnu99;
				GCC_WARN_64_TO_32_BIT_CONVERSION = YES;
				GCC_WARN_ABOUT_RETURN_TYPE = YES_ERROR;
				GCC_WARN_UNDECLARED_SELECTOR = YES;
				GCC_WARN_UNINITIALIZED_AUTOS = YES_AGGRESSIVE;
				GCC_WARN_UNUSED_FUNCTION = YES;
				GCC_WARN_UNUSED_VARIABLE = YES;
				IPHONEOS_DEPLOYMENT_TARGET = 8.0;
				METAL_ENABLE_DEBUG_INFO = NO;
				SDKROOT = iphoneos;
				VALIDATE_PRODUCT = YES;
			};
			name = Release;
		};
		0304881019968DC700CD6D54 /* Debug */ = {
			isa = XCBuildConfiguration;
			buildSettings = {
				ASSETCATALOG_COMPILER_APPICON_NAME = AppIcon;
				ASSETCATALOG_COMPILER_LAUNCHIMAGE_NAME = LaunchImage;
				INFOPLIST_FILE = "Day 1 Hello World/Info.plist";
				IPHONEOS_DEPLOYMENT_TARGET = 7.0;
				LD_RUNPATH_SEARCH_PATHS = "$(inherited) @executable_path/Frameworks";
				PRODUCT_NAME = "$(TARGET_NAME)";
			};
			name = Debug;
		};
		0304881119968DC700CD6D54 /* Release */ = {
			isa = XCBuildConfiguration;
			buildSettings = {
				ASSETCATALOG_COMPILER_APPICON_NAME = AppIcon;
				ASSETCATALOG_COMPILER_LAUNCHIMAGE_NAME = LaunchImage;
				INFOPLIST_FILE = "Day 1 Hello World/Info.plist";
				IPHONEOS_DEPLOYMENT_TARGET = 7.0;
				LD_RUNPATH_SEARCH_PATHS = "$(inherited) @executable_path/Frameworks";
				PRODUCT_NAME = "$(TARGET_NAME)";
			};
			name = Release;
		};
		0304881319968DC700CD6D54 /* Debug */ = {
			isa = XCBuildConfiguration;
			buildSettings = {
				BUNDLE_LOADER = "$(BUILT_PRODUCTS_DIR)/Day 1 Hello World.app/Day 1 Hello World";
				FRAMEWORK_SEARCH_PATHS = (
					"$(SDKROOT)/Developer/Library/Frameworks",
					"$(inherited)",
				);
				GCC_PREPROCESSOR_DEFINITIONS = (
					"DEBUG=1",
					"$(inherited)",
				);
				INFOPLIST_FILE = "Day 1 Hello WorldTests/Info.plist";
				LD_RUNPATH_SEARCH_PATHS = "$(inherited) @executable_path/Frameworks @loader_path/Frameworks";
				METAL_ENABLE_DEBUG_INFO = YES;
				PRODUCT_NAME = "$(TARGET_NAME)";
				TEST_HOST = "$(BUNDLE_LOADER)";
			};
			name = Debug;
		};
		0304881419968DC700CD6D54 /* Release */ = {
			isa = XCBuildConfiguration;
			buildSettings = {
				BUNDLE_LOADER = "$(BUILT_PRODUCTS_DIR)/Day 1 Hello World.app/Day 1 Hello World";
				FRAMEWORK_SEARCH_PATHS = (
					"$(SDKROOT)/Developer/Library/Frameworks",
					"$(inherited)",
				);
				INFOPLIST_FILE = "Day 1 Hello WorldTests/Info.plist";
				LD_RUNPATH_SEARCH_PATHS = "$(inherited) @executable_path/Frameworks @loader_path/Frameworks";
				METAL_ENABLE_DEBUG_INFO = NO;
				PRODUCT_NAME = "$(TARGET_NAME)";
				TEST_HOST = "$(BUNDLE_LOADER)";
			};
			name = Release;
		};
/* End XCBuildConfiguration section */

/* Begin XCConfigurationList section */
		030487EA19968DC700CD6D54 /* Build configuration list for PBXProject "Day 1 Hello World" */ = {
			isa = XCConfigurationList;
			buildConfigurations = (
				0304880D19968DC700CD6D54 /* Debug */,
				0304880E19968DC700CD6D54 /* Release */,
			);
			defaultConfigurationIsVisible = 0;
			defaultConfigurationName = Release;
		};
		0304880F19968DC700CD6D54 /* Build configuration list for PBXNativeTarget "Day 1 Hello World" */ = {
			isa = XCConfigurationList;
			buildConfigurations = (
				0304881019968DC700CD6D54 /* Debug */,
				0304881119968DC700CD6D54 /* Release */,
			);
			defaultConfigurationIsVisible = 0;
		};
		0304881219968DC700CD6D54 /* Build configuration list for PBXNativeTarget "Day 1 Hello WorldTests" */ = {
			isa = XCConfigurationList;
			buildConfigurations = (
				0304881319968DC700CD6D54 /* Debug */,
				0304881419968DC700CD6D54 /* Release */,
			);
			defaultConfigurationIsVisible = 0;
		};
/* End XCConfigurationList section */
	};
	rootObject = 030487E719968DC700CD6D54 /* Project object */;
}
