// !$*UTF8*$!
{
	archiveVersion = 1;
	classes = {
	};
	objectVersion = 46;
	objects = {

/* Begin PBXBuildFile section */
		03DCCFB419A31B05008D7884 /* main.m in Sources */ = {isa = PBXBuildFile; fileRef = 03DCCFB319A31B05008D7884 /* main.m */; };
		03DCCFB719A31B05008D7884 /* AppDelegate.m in Sources */ = {isa = PBXBuildFile; fileRef = 03DCCFB619A31B05008D7884 /* AppDelegate.m */; };
		03DCCFBA19A31B05008D7884 /* ViewController.m in Sources */ = {isa = PBXBuildFile; fileRef = 03DCCFB919A31B05008D7884 /* ViewController.m */; };
		03DCCFBD19A31B05008D7884 /* Main.storyboard in Resources */ = {isa = PBXBuildFile; fileRef = 03DCCFBB19A31B05008D7884 /* Main.storyboard */; };
		03DCCFBF19A31B05008D7884 /* Images.xcassets in Resources */ = {isa = PBXBuildFile; fileRef = 03DCCFBE19A31B05008D7884 /* Images.xcassets */; };
		03DCCFCB19A31B05008D7884 /* Day_10_New_YearTests.m in Sources */ = {isa = PBXBuildFile; fileRef = 03DCCFCA19A31B05008D7884 /* Day_10_New_YearTests.m */; };
/* End PBXBuildFile section */

/* Begin PBXContainerItemProxy section */
		03DCCFC519A31B05008D7884 /* PBXContainerItemProxy */ = {
			isa = PBXContainerItemProxy;
			containerPortal = 03DCCFA619A31B05008D7884 /* Project object */;
			proxyType = 1;
			remoteGlobalIDString = 03DCCFAD19A31B05008D7884;
			remoteInfo = "Day 10 New Year";
		};
/* End PBXContainerItemProxy section */

/* Begin PBXFileReference section */
		03DCCFAE19A31B05008D7884 /* Day 10 New Year.app */ = {isa = PBXFileReference; explicitFileType = wrapper.application; includeInIndex = 0; path = "Day 10 New Year.app"; sourceTree = BUILT_PRODUCTS_DIR; };
		03DCCFB219A31B05008D7884 /* Info.plist */ = {isa = PBXFileReference; lastKnownFileType = text.plist.xml; path = Info.plist; sourceTree = "<group>"; };
		03DCCFB319A31B05008D7884 /* main.m */ = {isa = PBXFileReference; lastKnownFileType = sourcecode.c.objc; path = main.m; sourceTree = "<group>"; };
		03DCCFB519A31B05008D7884 /* AppDelegate.h */ = {isa = PBXFileReference; lastKnownFileType = sourcecode.c.h; path = AppDelegate.h; sourceTree = "<group>"; };
		03DCCFB619A31B05008D7884 /* AppDelegate.m */ = {isa = PBXFileReference; lastKnownFileType = sourcecode.c.objc; path = AppDelegate.m; sourceTree = "<group>"; };
		03DCCFB819A31B05008D7884 /* ViewController.h */ = {isa = PBXFileReference; lastKnownFileType = sourcecode.c.h; path = ViewController.h; sourceTree = "<group>"; };
		03DCCFB919A31B05008D7884 /* ViewController.m */ = {isa = PBXFileReference; lastKnownFileType = sourcecode.c.objc; path = ViewController.m; sourceTree = "<group>"; };
		03DCCFBC19A31B05008D7884 /* Base */ = {isa = PBXFileReference; lastKnownFileType = file.storyboard; name = Base; path = Base.lproj/Main.storyboard; sourceTree = "<group>"; };
		03DCCFBE19A31B05008D7884 /* Images.xcassets */ = {isa = PBXFileReference; lastKnownFileType = folder.assetcatalog; path = Images.xcassets; sourceTree = "<group>"; };
		03DCCFC419A31B05008D7884 /* Day 10 New YearTests.xctest */ = {isa = PBXFileReference; explicitFileType = wrapper.cfbundle; includeInIndex = 0; path = "Day 10 New YearTests.xctest"; sourceTree = BUILT_PRODUCTS_DIR; };
		03DCCFC919A31B05008D7884 /* Info.plist */ = {isa = PBXFileReference; lastKnownFileType = text.plist.xml; path = Info.plist; sourceTree = "<group>"; };
		03DCCFCA19A31B05008D7884 /* Day_10_New_YearTests.m */ = {isa = PBXFileReference; lastKnownFileType = sourcecode.c.objc; path = Day_10_New_YearTests.m; sourceTree = "<group>"; };
/* End PBXFileReference section */

/* Begin PBXFrameworksBuildPhase section */
		03DCCFAB19A31B05008D7884 /* Frameworks */ = {
			isa = PBXFrameworksBuildPhase;
			buildActionMask = 2147483647;
			files = (
			);
			runOnlyForDeploymentPostprocessing = 0;
		};
		03DCCFC119A31B05008D7884 /* Frameworks */ = {
			isa = PBXFrameworksBuildPhase;
			buildActionMask = 2147483647;
			files = (
			);
			runOnlyForDeploymentPostprocessing = 0;
		};
/* End PBXFrameworksBuildPhase section */

/* Begin PBXGroup section */
		03DCCFA519A31B05008D7884 = {
			isa = PBXGroup;
			children = (
				03DCCFB019A31B05008D7884 /* Day 10 New Year */,
				03DCCFC719A31B05008D7884 /* Day 10 New YearTests */,
				03DCCFAF19A31B05008D7884 /* Products */,
			);
			sourceTree = "<group>";
		};
		03DCCFAF19A31B05008D7884 /* Products */ = {
			isa = PBXGroup;
			children = (
				03DCCFAE19A31B05008D7884 /* Day 10 New Year.app */,
				03DCCFC419A31B05008D7884 /* Day 10 New YearTests.xctest */,
			);
			name = Products;
			sourceTree = "<group>";
		};
		03DCCFB019A31B05008D7884 /* Day 10 New Year */ = {
			isa = PBXGroup;
			children = (
				03DCCFB519A31B05008D7884 /* AppDelegate.h */,
				03DCCFB619A31B05008D7884 /* AppDelegate.m */,
				03DCCFB819A31B05008D7884 /* ViewController.h */,
				03DCCFB919A31B05008D7884 /* ViewController.m */,
				03DCCFBB19A31B05008D7884 /* Main.storyboard */,
				03DCCFBE19A31B05008D7884 /* Images.xcassets */,
				03DCCFB119A31B05008D7884 /* Supporting Files */,
			);
			path = "Day 10 New Year";
			sourceTree = "<group>";
		};
		03DCCFB119A31B05008D7884 /* Supporting Files */ = {
			isa = PBXGroup;
			children = (
				03DCCFB219A31B05008D7884 /* Info.plist */,
				03DCCFB319A31B05008D7884 /* main.m */,
			);
			name = "Supporting Files";
			sourceTree = "<group>";
		};
		03DCCFC719A31B05008D7884 /* Day 10 New YearTests */ = {
			isa = PBXGroup;
			children = (
				03DCCFCA19A31B05008D7884 /* Day_10_New_YearTests.m */,
				03DCCFC819A31B05008D7884 /* Supporting Files */,
			);
			path = "Day 10 New YearTests";
			sourceTree = "<group>";
		};
		03DCCFC819A31B05008D7884 /* Supporting Files */ = {
			isa = PBXGroup;
			children = (
				03DCCFC919A31B05008D7884 /* Info.plist */,
			);
			name = "Supporting Files";
			sourceTree = "<group>";
		};
/* End PBXGroup section */

/* Begin PBXNativeTarget section */
		03DCCFAD19A31B05008D7884 /* Day 10 New Year */ = {
			isa = PBXNativeTarget;
			buildConfigurationList = 03DCCFCE19A31B05008D7884 /* Build configuration list for PBXNativeTarget "Day 10 New Year" */;
			buildPhases = (
				03DCCFAA19A31B05008D7884 /* Sources */,
				03DCCFAB19A31B05008D7884 /* Frameworks */,
				03DCCFAC19A31B05008D7884 /* Resources */,
			);
			buildRules = (
			);
			dependencies = (
			);
			name = "Day 10 New Year";
			productName = "Day 10 New Year";
			productReference = 03DCCFAE19A31B05008D7884 /* Day 10 New Year.app */;
			productType = "com.apple.product-type.application";
		};
		03DCCFC319A31B05008D7884 /* Day 10 New YearTests */ = {
			isa = PBXNativeTarget;
			buildConfigurationList = 03DCCFD119A31B05008D7884 /* Build configuration list for PBXNativeTarget "Day 10 New YearTests" */;
			buildPhases = (
				03DCCFC019A31B05008D7884 /* Sources */,
				03DCCFC119A31B05008D7884 /* Frameworks */,
				03DCCFC219A31B05008D7884 /* Resources */,
			);
			buildRules = (
			);
			dependencies = (
				03DCCFC619A31B05008D7884 /* PBXTargetDependency */,
			);
			name = "Day 10 New YearTests";
			productName = "Day 10 New YearTests";
			productReference = 03DCCFC419A31B05008D7884 /* Day 10 New YearTests.xctest */;
			productType = "com.apple.product-type.bundle.unit-test";
		};
/* End PBXNativeTarget section */

/* Begin PBXProject section */
		03DCCFA619A31B05008D7884 /* Project object */ = {
			isa = PBXProject;
			attributes = {
				LastUpgradeCheck = 0600;
				ORGANIZATIONNAME = "Grant Timmerman";
				TargetAttributes = {
					03DCCFAD19A31B05008D7884 = {
						CreatedOnToolsVersion = 6.0;
					};
					03DCCFC319A31B05008D7884 = {
						CreatedOnToolsVersion = 6.0;
						TestTargetID = 03DCCFAD19A31B05008D7884;
					};
				};
			};
			buildConfigurationList = 03DCCFA919A31B05008D7884 /* Build configuration list for PBXProject "Day 10 New Year" */;
			compatibilityVersion = "Xcode 3.2";
			developmentRegion = English;
			hasScannedForEncodings = 0;
			knownRegions = (
				en,
				Base,
			);
			mainGroup = 03DCCFA519A31B05008D7884;
			productRefGroup = 03DCCFAF19A31B05008D7884 /* Products */;
			projectDirPath = "";
			projectRoot = "";
			targets = (
				03DCCFAD19A31B05008D7884 /* Day 10 New Year */,
				03DCCFC319A31B05008D7884 /* Day 10 New YearTests */,
			);
		};
/* End PBXProject section */

/* Begin PBXResourcesBuildPhase section */
		03DCCFAC19A31B05008D7884 /* Resources */ = {
			isa = PBXResourcesBuildPhase;
			buildActionMask = 2147483647;
			files = (
				03DCCFBD19A31B05008D7884 /* Main.storyboard in Resources */,
				03DCCFBF19A31B05008D7884 /* Images.xcassets in Resources */,
			);
			runOnlyForDeploymentPostprocessing = 0;
		};
		03DCCFC219A31B05008D7884 /* Resources */ = {
			isa = PBXResourcesBuildPhase;
			buildActionMask = 2147483647;
			files = (
			);
			runOnlyForDeploymentPostprocessing = 0;
		};
/* End PBXResourcesBuildPhase section */

/* Begin PBXSourcesBuildPhase section */
		03DCCFAA19A31B05008D7884 /* Sources */ = {
			isa = PBXSourcesBuildPhase;
			buildActionMask = 2147483647;
			files = (
				03DCCFBA19A31B05008D7884 /* ViewController.m in Sources */,
				03DCCFB719A31B05008D7884 /* AppDelegate.m in Sources */,
				03DCCFB419A31B05008D7884 /* main.m in Sources */,
			);
			runOnlyForDeploymentPostprocessing = 0;
		};
		03DCCFC019A31B05008D7884 /* Sources */ = {
			isa = PBXSourcesBuildPhase;
			buildActionMask = 2147483647;
			files = (
				03DCCFCB19A31B05008D7884 /* Day_10_New_YearTests.m in Sources */,
			);
			runOnlyForDeploymentPostprocessing = 0;
		};
/* End PBXSourcesBuildPhase section */

/* Begin PBXTargetDependency section */
		03DCCFC619A31B05008D7884 /* PBXTargetDependency */ = {
			isa = PBXTargetDependency;
			target = 03DCCFAD19A31B05008D7884 /* Day 10 New Year */;
			targetProxy = 03DCCFC519A31B05008D7884 /* PBXContainerItemProxy */;
		};
/* End PBXTargetDependency section */

/* Begin PBXVariantGroup section */
		03DCCFBB19A31B05008D7884 /* Main.storyboard */ = {
			isa = PBXVariantGroup;
			children = (
				03DCCFBC19A31B05008D7884 /* Base */,
			);
			name = Main.storyboard;
			sourceTree = "<group>";
		};
/* End PBXVariantGroup section */

/* Begin XCBuildConfiguration section */
		03DCCFCC19A31B05008D7884 /* Debug */ = {
			isa = XCBuildConfiguration;
			buildSettings = {
				ALWAYS_SEARCH_USER_PATHS = NO;
				CLANG_CXX_LANGUAGE_STANDARD = "gnu++0x";
				CLANG_CXX_LIBRARY = "libc++";
				CLANG_ENABLE_MODULES = YES;
				CLANG_ENABLE_OBJC_ARC = YES;
				CLANG_WARN_BOOL_CONVERSION = YES;
				CLANG_WARN_CONSTANT_CONVERSION = YES;
				CLANG_WARN_DIRECT_OBJC_ISA_USAGE = YES_ERROR;
				CLANG_WARN_EMPTY_BODY = YES;
				CLANG_WARN_ENUM_CONVERSION = YES;
				CLANG_WARN_INT_CONVERSION = YES;
				CLANG_WARN_OBJC_ROOT_CLASS = YES_ERROR;
				CLANG_WARN_UNREACHABLE_CODE = YES;
				CLANG_WARN__DUPLICATE_METHOD_MATCH = YES;
				"CODE_SIGN_IDENTITY[sdk=iphoneos*]" = "iPhone Developer";
				COPY_PHASE_STRIP = NO;
				ENABLE_STRICT_OBJC_MSGSEND = YES;
				GCC_C_LANGUAGE_STANDARD = gnu99;
				GCC_DYNAMIC_NO_PIC = NO;
				GCC_OPTIMIZATION_LEVEL = 0;
				GCC_PREPROCESSOR_DEFINITIONS = (
					"DEBUG=1",
					"$(inherited)",
				);
				GCC_SYMBOLS_PRIVATE_EXTERN = NO;
				GCC_WARN_64_TO_32_BIT_CONVERSION = YES;
				GCC_WARN_ABOUT_RETURN_TYPE = YES_ERROR;
				GCC_WARN_UNDECLARED_SELECTOR = YES;
				GCC_WARN_UNINITIALIZED_AUTOS = YES_AGGRESSIVE;
				GCC_WARN_UNUSED_FUNCTION = YES;
				GCC_WARN_UNUSED_VARIABLE = YES;
				IPHONEOS_DEPLOYMENT_TARGET = 8.0;
				METAL_ENABLE_DEBUG_INFO = YES;
				ONLY_ACTIVE_ARCH = YES;
				SDKROOT = iphoneos;
			};
			name = Debug;
		};
		03DCCFCD19A31B05008D7884 /* Release */ = {
			isa = XCBuildConfiguration;
			buildSettings = {
				ALWAYS_SEARCH_USER_PATHS = NO;
				CLANG_CXX_LANGUAGE_STANDARD = "gnu++0x";
				CLANG_CXX_LIBRARY = "libc++";
				CLANG_ENABLE_MODULES = YES;
				CLANG_ENABLE_OBJC_ARC = YES;
				CLANG_WARN_BOOL_CONVERSION = YES;
				CLANG_WARN_CONSTANT_CONVERSION = YES;
				CLANG_WARN_DIRECT_OBJC_ISA_USAGE = YES_ERROR;
				CLANG_WARN_EMPTY_BODY = YES;
				CLANG_WARN_ENUM_CONVERSION = YES;
				CLANG_WARN_INT_CONVERSION = YES;
				CLANG_WARN_OBJC_ROOT_CLASS = YES_ERROR;
				CLANG_WARN_UNREACHABLE_CODE = YES;
				CLANG_WARN__DUPLICATE_METHOD_MATCH = YES;
				"CODE_SIGN_IDENTITY[sdk=iphoneos*]" = "iPhone Developer";
				COPY_PHASE_STRIP = YES;
				ENABLE_NS_ASSERTIONS = NO;
				ENABLE_STRICT_OBJC_MSGSEND = YES;
				GCC_C_LANGUAGE_STANDARD = gnu99;
				GCC_WARN_64_TO_32_BIT_CONVERSION = YES;
				GCC_WARN_ABOUT_RETURN_TYPE = YES_ERROR;
				GCC_WARN_UNDECLARED_SELECTOR = YES;
				GCC_WARN_UNINITIALIZED_AUTOS = YES_AGGRESSIVE;
				GCC_WARN_UNUSED_FUNCTION = YES;
				GCC_WARN_UNUSED_VARIABLE = YES;
				IPHONEOS_DEPLOYMENT_TARGET = 8.0;
				METAL_ENABLE_DEBUG_INFO = NO;
				SDKROOT = iphoneos;
				VALIDATE_PRODUCT = YES;
			};
			name = Release;
		};
		03DCCFCF19A31B05008D7884 /* Debug */ = {
			isa = XCBuildConfiguration;
			buildSettings = {
				ASSETCATALOG_COMPILER_APPICON_NAME = AppIcon;
				ASSETCATALOG_COMPILER_LAUNCHIMAGE_NAME = LaunchImage;
				INFOPLIST_FILE = "Day 10 New Year/Info.plist";
				IPHONEOS_DEPLOYMENT_TARGET = 7.0;
				LD_RUNPATH_SEARCH_PATHS = "$(inherited) @executable_path/Frameworks";
				PRODUCT_NAME = "$(TARGET_NAME)";
			};
			name = Debug;
		};
		03DCCFD019A31B05008D7884 /* Release */ = {
			isa = XCBuildConfiguration;
			buildSettings = {
				ASSETCATALOG_COMPILER_APPICON_NAME = AppIcon;
				ASSETCATALOG_COMPILER_LAUNCHIMAGE_NAME = LaunchImage;
				INFOPLIST_FILE = "Day 10 New Year/Info.plist";
				IPHONEOS_DEPLOYMENT_TARGET = 7.0;
				LD_RUNPATH_SEARCH_PATHS = "$(inherited) @executable_path/Frameworks";
				PRODUCT_NAME = "$(TARGET_NAME)";
			};
			name = Release;
		};
		03DCCFD219A31B05008D7884 /* Debug */ = {
			isa = XCBuildConfiguration;
			buildSettings = {
				BUNDLE_LOADER = "$(BUILT_PRODUCTS_DIR)/Day 10 New Year.app/Day 10 New Year";
				FRAMEWORK_SEARCH_PATHS = (
					"$(SDKROOT)/Developer/Library/Frameworks",
					"$(inherited)",
				);
				GCC_PREPROCESSOR_DEFINITIONS = (
					"DEBUG=1",
					"$(inherited)",
				);
				INFOPLIST_FILE = "Day 10 New YearTests/Info.plist";
				LD_RUNPATH_SEARCH_PATHS = "$(inherited) @executable_path/Frameworks @loader_path/Frameworks";
				METAL_ENABLE_DEBUG_INFO = YES;
				PRODUCT_NAME = "$(TARGET_NAME)";
				TEST_HOST = "$(BUNDLE_LOADER)";
			};
			name = Debug;
		};
		03DCCFD319A31B05008D7884 /* Release */ = {
			isa = XCBuildConfiguration;
			buildSettings = {
				BUNDLE_LOADER = "$(BUILT_PRODUCTS_DIR)/Day 10 New Year.app/Day 10 New Year";
				FRAMEWORK_SEARCH_PATHS = (
					"$(SDKROOT)/Developer/Library/Frameworks",
					"$(inherited)",
				);
				INFOPLIST_FILE = "Day 10 New YearTests/Info.plist";
				LD_RUNPATH_SEARCH_PATHS = "$(inherited) @executable_path/Frameworks @loader_path/Frameworks";
				METAL_ENABLE_DEBUG_INFO = NO;
				PRODUCT_NAME = "$(TARGET_NAME)";
				TEST_HOST = "$(BUNDLE_LOADER)";
			};
			name = Release;
		};
/* End XCBuildConfiguration section */

/* Begin XCConfigurationList section */
		03DCCFA919A31B05008D7884 /* Build configuration list for PBXProject "Day 10 New Year" */ = {
			isa = XCConfigurationList;
			buildConfigurations = (
				03DCCFCC19A31B05008D7884 /* Debug */,
				03DCCFCD19A31B05008D7884 /* Release */,
			);
			defaultConfigurationIsVisible = 0;
			defaultConfigurationName = Release;
		};
		03DCCFCE19A31B05008D7884 /* Build configuration list for PBXNativeTarget "Day 10 New Year" */ = {
			isa = XCConfigurationList;
			buildConfigurations = (
				03DCCFCF19A31B05008D7884 /* Debug */,
				03DCCFD019A31B05008D7884 /* Release */,
			);
			defaultConfigurationIsVisible = 0;
		};
		03DCCFD119A31B05008D7884 /* Build configuration list for PBXNativeTarget "Day 10 New YearTests" */ = {
			isa = XCConfigurationList;
			buildConfigurations = (
				03DCCFD219A31B05008D7884 /* Debug */,
				03DCCFD319A31B05008D7884 /* Release */,
			);
			defaultConfigurationIsVisible = 0;
		};
/* End XCConfigurationList section */
	};
	rootObject = 03DCCFA619A31B05008D7884 /* Project object */;
}
