// !$*UTF8*$!
{
	archiveVersion = 1;
	classes = {
	};
	objectVersion = 46;
	objects = {

/* Begin PBXBuildFile section */
		036F000319AA8B4E00C98397 /* Day_15_AAPLTests.m in Sources */ = {isa = PBXBuildFile; fileRef = 036F000219AA8B4E00C98397 /* Day_15_AAPLTests.m */; };
		036FFFEC19AA8B4E00C98397 /* main.m in Sources */ = {isa = PBXBuildFile; fileRef = 036FFFEB19AA8B4E00C98397 /* main.m */; };
		036FFFEF19AA8B4E00C98397 /* AppDelegate.m in Sources */ = {isa = PBXBuildFile; fileRef = 036FFFEE19AA8B4E00C98397 /* AppDelegate.m */; };
		036FFFF219AA8B4E00C98397 /* ViewController.m in Sources */ = {isa = PBXBuildFile; fileRef = 036FFFF119AA8B4E00C98397 /* ViewController.m */; };
		036FFFF519AA8B4E00C98397 /* Main.storyboard in Resources */ = {isa = PBXBuildFile; fileRef = 036FFFF319AA8B4E00C98397 /* Main.storyboard */; };
		036FFFF719AA8B4E00C98397 /* Images.xcassets in Resources */ = {isa = PBXBuildFile; fileRef = 036FFFF619AA8B4E00C98397 /* Images.xcassets */; };
/* End PBXBuildFile section */

/* Begin PBXContainerItemProxy section */
		036FFFFD19AA8B4E00C98397 /* PBXContainerItemProxy */ = {
			isa = PBXContainerItemProxy;
			containerPortal = 036FFFDE19AA8B4E00C98397 /* Project object */;
			proxyType = 1;
			remoteGlobalIDString = 036FFFE519AA8B4E00C98397;
			remoteInfo = "Day 15 AAPL";
		};
/* End PBXContainerItemProxy section */

/* Begin PBXFileReference section */
		036F000119AA8B4E00C98397 /* Info.plist */ = {isa = PBXFileReference; lastKnownFileType = text.plist.xml; path = Info.plist; sourceTree = "<group>"; };
		036F000219AA8B4E00C98397 /* Day_15_AAPLTests.m */ = {isa = PBXFileReference; lastKnownFileType = sourcecode.c.objc; path = Day_15_AAPLTests.m; sourceTree = "<group>"; };
		036FFFE619AA8B4E00C98397 /* Day 15 AAPL.app */ = {isa = PBXFileReference; explicitFileType = wrapper.application; includeInIndex = 0; path = "Day 15 AAPL.app"; sourceTree = BUILT_PRODUCTS_DIR; };
		036FFFEA19AA8B4E00C98397 /* Info.plist */ = {isa = PBXFileReference; lastKnownFileType = text.plist.xml; path = Info.plist; sourceTree = "<group>"; };
		036FFFEB19AA8B4E00C98397 /* main.m */ = {isa = PBXFileReference; lastKnownFileType = sourcecode.c.objc; path = main.m; sourceTree = "<group>"; };
		036FFFED19AA8B4E00C98397 /* AppDelegate.h */ = {isa = PBXFileReference; lastKnownFileType = sourcecode.c.h; path = AppDelegate.h; sourceTree = "<group>"; };
		036FFFEE19AA8B4E00C98397 /* AppDelegate.m */ = {isa = PBXFileReference; lastKnownFileType = sourcecode.c.objc; path = AppDelegate.m; sourceTree = "<group>"; };
		036FFFF019AA8B4E00C98397 /* ViewController.h */ = {isa = PBXFileReference; lastKnownFileType = sourcecode.c.h; path = ViewController.h; sourceTree = "<group>"; };
		036FFFF119AA8B4E00C98397 /* ViewController.m */ = {isa = PBXFileReference; lastKnownFileType = sourcecode.c.objc; path = ViewController.m; sourceTree = "<group>"; };
		036FFFF419AA8B4E00C98397 /* Base */ = {isa = PBXFileReference; lastKnownFileType = file.storyboard; name = Base; path = Base.lproj/Main.storyboard; sourceTree = "<group>"; };
		036FFFF619AA8B4E00C98397 /* Images.xcassets */ = {isa = PBXFileReference; lastKnownFileType = folder.assetcatalog; path = Images.xcassets; sourceTree = "<group>"; };
		036FFFFC19AA8B4E00C98397 /* Day 15 AAPLTests.xctest */ = {isa = PBXFileReference; explicitFileType = wrapper.cfbundle; includeInIndex = 0; path = "Day 15 AAPLTests.xctest"; sourceTree = BUILT_PRODUCTS_DIR; };
/* End PBXFileReference section */

/* Begin PBXFrameworksBuildPhase section */
		036FFFE319AA8B4E00C98397 /* Frameworks */ = {
			isa = PBXFrameworksBuildPhase;
			buildActionMask = 2147483647;
			files = (
			);
			runOnlyForDeploymentPostprocessing = 0;
		};
		036FFFF919AA8B4E00C98397 /* Frameworks */ = {
			isa = PBXFrameworksBuildPhase;
			buildActionMask = 2147483647;
			files = (
			);
			runOnlyForDeploymentPostprocessing = 0;
		};
/* End PBXFrameworksBuildPhase section */

/* Begin PBXGroup section */
		036F000019AA8B4E00C98397 /* Supporting Files */ = {
			isa = PBXGroup;
			children = (
				036F000119AA8B4E00C98397 /* Info.plist */,
			);
			name = "Supporting Files";
			sourceTree = "<group>";
		};
		036FFFDD19AA8B4E00C98397 = {
			isa = PBXGroup;
			children = (
				036FFFE819AA8B4E00C98397 /* Day 15 AAPL */,
				036FFFFF19AA8B4E00C98397 /* Day 15 AAPLTests */,
				036FFFE719AA8B4E00C98397 /* Products */,
			);
			sourceTree = "<group>";
		};
		036FFFE719AA8B4E00C98397 /* Products */ = {
			isa = PBXGroup;
			children = (
				036FFFE619AA8B4E00C98397 /* Day 15 AAPL.app */,
				036FFFFC19AA8B4E00C98397 /* Day 15 AAPLTests.xctest */,
			);
			name = Products;
			sourceTree = "<group>";
		};
		036FFFE819AA8B4E00C98397 /* Day 15 AAPL */ = {
			isa = PBXGroup;
			children = (
				036FFFED19AA8B4E00C98397 /* AppDelegate.h */,
				036FFFEE19AA8B4E00C98397 /* AppDelegate.m */,
				036FFFF019AA8B4E00C98397 /* ViewController.h */,
				036FFFF119AA8B4E00C98397 /* ViewController.m */,
				036FFFF319AA8B4E00C98397 /* Main.storyboard */,
				036FFFF619AA8B4E00C98397 /* Images.xcassets */,
				036FFFE919AA8B4E00C98397 /* Supporting Files */,
			);
			path = "Day 15 AAPL";
			sourceTree = "<group>";
		};
		036FFFE919AA8B4E00C98397 /* Supporting Files */ = {
			isa = PBXGroup;
			children = (
				036FFFEA19AA8B4E00C98397 /* Info.plist */,
				036FFFEB19AA8B4E00C98397 /* main.m */,
			);
			name = "Supporting Files";
			sourceTree = "<group>";
		};
		036FFFFF19AA8B4E00C98397 /* Day 15 AAPLTests */ = {
			isa = PBXGroup;
			children = (
				036F000219AA8B4E00C98397 /* Day_15_AAPLTests.m */,
				036F000019AA8B4E00C98397 /* Supporting Files */,
			);
			path = "Day 15 AAPLTests";
			sourceTree = "<group>";
		};
/* End PBXGroup section */

/* Begin PBXNativeTarget section */
		036FFFE519AA8B4E00C98397 /* Day 15 AAPL */ = {
			isa = PBXNativeTarget;
			buildConfigurationList = 036F000619AA8B4E00C98397 /* Build configuration list for PBXNativeTarget "Day 15 AAPL" */;
			buildPhases = (
				036FFFE219AA8B4E00C98397 /* Sources */,
				036FFFE319AA8B4E00C98397 /* Frameworks */,
				036FFFE419AA8B4E00C98397 /* Resources */,
			);
			buildRules = (
			);
			dependencies = (
			);
			name = "Day 15 AAPL";
			productName = "Day 15 AAPL";
			productReference = 036FFFE619AA8B4E00C98397 /* Day 15 AAPL.app */;
			productType = "com.apple.product-type.application";
		};
		036FFFFB19AA8B4E00C98397 /* Day 15 AAPLTests */ = {
			isa = PBXNativeTarget;
			buildConfigurationList = 036F000919AA8B4E00C98397 /* Build configuration list for PBXNativeTarget "Day 15 AAPLTests" */;
			buildPhases = (
				036FFFF819AA8B4E00C98397 /* Sources */,
				036FFFF919AA8B4E00C98397 /* Frameworks */,
				036FFFFA19AA8B4E00C98397 /* Resources */,
			);
			buildRules = (
			);
			dependencies = (
				036FFFFE19AA8B4E00C98397 /* PBXTargetDependency */,
			);
			name = "Day 15 AAPLTests";
			productName = "Day 15 AAPLTests";
			productReference = 036FFFFC19AA8B4E00C98397 /* Day 15 AAPLTests.xctest */;
			productType = "com.apple.product-type.bundle.unit-test";
		};
/* End PBXNativeTarget section */

/* Begin PBXProject section */
		036FFFDE19AA8B4E00C98397 /* Project object */ = {
			isa = PBXProject;
			attributes = {
				LastUpgradeCheck = 0600;
				ORGANIZATIONNAME = "Grant Timmerman";
				TargetAttributes = {
					036FFFE519AA8B4E00C98397 = {
						CreatedOnToolsVersion = 6.0;
					};
					036FFFFB19AA8B4E00C98397 = {
						CreatedOnToolsVersion = 6.0;
						TestTargetID = 036FFFE519AA8B4E00C98397;
					};
				};
			};
			buildConfigurationList = 036FFFE119AA8B4E00C98397 /* Build configuration list for PBXProject "Day 15 AAPL" */;
			compatibilityVersion = "Xcode 3.2";
			developmentRegion = English;
			hasScannedForEncodings = 0;
			knownRegions = (
				en,
				Base,
			);
			mainGroup = 036FFFDD19AA8B4E00C98397;
			productRefGroup = 036FFFE719AA8B4E00C98397 /* Products */;
			projectDirPath = "";
			projectRoot = "";
			targets = (
				036FFFE519AA8B4E00C98397 /* Day 15 AAPL */,
				036FFFFB19AA8B4E00C98397 /* Day 15 AAPLTests */,
			);
		};
/* End PBXProject section */

/* Begin PBXResourcesBuildPhase section */
		036FFFE419AA8B4E00C98397 /* Resources */ = {
			isa = PBXResourcesBuildPhase;
			buildActionMask = 2147483647;
			files = (
				036FFFF519AA8B4E00C98397 /* Main.storyboard in Resources */,
				036FFFF719AA8B4E00C98397 /* Images.xcassets in Resources */,
			);
			runOnlyForDeploymentPostprocessing = 0;
		};
		036FFFFA19AA8B4E00C98397 /* Resources */ = {
			isa = PBXResourcesBuildPhase;
			buildActionMask = 2147483647;
			files = (
			);
			runOnlyForDeploymentPostprocessing = 0;
		};
/* End PBXResourcesBuildPhase section */

/* Begin PBXSourcesBuildPhase section */
		036FFFE219AA8B4E00C98397 /* Sources */ = {
			isa = PBXSourcesBuildPhase;
			buildActionMask = 2147483647;
			files = (
				036FFFF219AA8B4E00C98397 /* ViewController.m in Sources */,
				036FFFEF19AA8B4E00C98397 /* AppDelegate.m in Sources */,
				036FFFEC19AA8B4E00C98397 /* main.m in Sources */,
			);
			runOnlyForDeploymentPostprocessing = 0;
		};
		036FFFF819AA8B4E00C98397 /* Sources */ = {
			isa = PBXSourcesBuildPhase;
			buildActionMask = 2147483647;
			files = (
				036F000319AA8B4E00C98397 /* Day_15_AAPLTests.m in Sources */,
			);
			runOnlyForDeploymentPostprocessing = 0;
		};
/* End PBXSourcesBuildPhase section */

/* Begin PBXTargetDependency section */
		036FFFFE19AA8B4E00C98397 /* PBXTargetDependency */ = {
			isa = PBXTargetDependency;
			target = 036FFFE519AA8B4E00C98397 /* Day 15 AAPL */;
			targetProxy = 036FFFFD19AA8B4E00C98397 /* PBXContainerItemProxy */;
		};
/* End PBXTargetDependency section */

/* Begin PBXVariantGroup section */
		036FFFF319AA8B4E00C98397 /* Main.storyboard */ = {
			isa = PBXVariantGroup;
			children = (
				036FFFF419AA8B4E00C98397 /* Base */,
			);
			name = Main.storyboard;
			sourceTree = "<group>";
		};
/* End PBXVariantGroup section */

/* Begin XCBuildConfiguration section */
		036F000419AA8B4E00C98397 /* Debug */ = {
			isa = XCBuildConfiguration;
			buildSettings = {
				ALWAYS_SEARCH_USER_PATHS = NO;
				CLANG_CXX_LANGUAGE_STANDARD = "gnu++0x";
				CLANG_CXX_LIBRARY = "libc++";
				CLANG_ENABLE_MODULES = YES;
				CLANG_ENABLE_OBJC_ARC = YES;
				CLANG_WARN_BOOL_CONVERSION = YES;
				CLANG_WARN_CONSTANT_CONVERSION = YES;
				CLANG_WARN_DIRECT_OBJC_ISA_USAGE = YES_ERROR;
				CLANG_WARN_EMPTY_BODY = YES;
				CLANG_WARN_ENUM_CONVERSION = YES;
				CLANG_WARN_INT_CONVERSION = YES;
				CLANG_WARN_OBJC_ROOT_CLASS = YES_ERROR;
				CLANG_WARN_UNREACHABLE_CODE = YES;
				CLANG_WARN__DUPLICATE_METHOD_MATCH = YES;
				"CODE_SIGN_IDENTITY[sdk=iphoneos*]" = "iPhone Developer";
				COPY_PHASE_STRIP = NO;
				ENABLE_STRICT_OBJC_MSGSEND = YES;
				GCC_C_LANGUAGE_STANDARD = gnu99;
				GCC_DYNAMIC_NO_PIC = NO;
				GCC_OPTIMIZATION_LEVEL = 0;
				GCC_PREPROCESSOR_DEFINITIONS = (
					"DEBUG=1",
					"$(inherited)",
				);
				GCC_SYMBOLS_PRIVATE_EXTERN = NO;
				GCC_WARN_64_TO_32_BIT_CONVERSION = YES;
				GCC_WARN_ABOUT_RETURN_TYPE = YES_ERROR;
				GCC_WARN_UNDECLARED_SELECTOR = YES;
				GCC_WARN_UNINITIALIZED_AUTOS = YES_AGGRESSIVE;
				GCC_WARN_UNUSED_FUNCTION = YES;
				GCC_WARN_UNUSED_VARIABLE = YES;
				IPHONEOS_DEPLOYMENT_TARGET = 8.0;
				MTL_ENABLE_DEBUG_INFO = YES;
				ONLY_ACTIVE_ARCH = YES;
				SDKROOT = iphoneos;
			};
			name = Debug;
		};
		036F000519AA8B4E00C98397 /* Release */ = {
			isa = XCBuildConfiguration;
			buildSettings = {
				ALWAYS_SEARCH_USER_PATHS = NO;
				CLANG_CXX_LANGUAGE_STANDARD = "gnu++0x";
				CLANG_CXX_LIBRARY = "libc++";
				CLANG_ENABLE_MODULES = YES;
				CLANG_ENABLE_OBJC_ARC = YES;
				CLANG_WARN_BOOL_CONVERSION = YES;
				CLANG_WARN_CONSTANT_CONVERSION = YES;
				CLANG_WARN_DIRECT_OBJC_ISA_USAGE = YES_ERROR;
				CLANG_WARN_EMPTY_BODY = YES;
				CLANG_WARN_ENUM_CONVERSION = YES;
				CLANG_WARN_INT_CONVERSION = YES;
				CLANG_WARN_OBJC_ROOT_CLASS = YES_ERROR;
				CLANG_WARN_UNREACHABLE_CODE = YES;
				CLANG_WARN__DUPLICATE_METHOD_MATCH = YES;
				"CODE_SIGN_IDENTITY[sdk=iphoneos*]" = "iPhone Developer";
				COPY_PHASE_STRIP = YES;
				ENABLE_NS_ASSERTIONS = NO;
				ENABLE_STRICT_OBJC_MSGSEND = YES;
				GCC_C_LANGUAGE_STANDARD = gnu99;
				GCC_WARN_64_TO_32_BIT_CONVERSION = YES;
				GCC_WARN_ABOUT_RETURN_TYPE = YES_ERROR;
				GCC_WARN_UNDECLARED_SELECTOR = YES;
				GCC_WARN_UNINITIALIZED_AUTOS = YES_AGGRESSIVE;
				GCC_WARN_UNUSED_FUNCTION = YES;
				GCC_WARN_UNUSED_VARIABLE = YES;
				IPHONEOS_DEPLOYMENT_TARGET = 8.0;
				MTL_ENABLE_DEBUG_INFO = NO;
				SDKROOT = iphoneos;
				VALIDATE_PRODUCT = YES;
			};
			name = Release;
		};
		036F000719AA8B4E00C98397 /* Debug */ = {
			isa = XCBuildConfiguration;
			buildSettings = {
				ASSETCATALOG_COMPILER_APPICON_NAME = AppIcon;
				ASSETCATALOG_COMPILER_LAUNCHIMAGE_NAME = LaunchImage;
				INFOPLIST_FILE = "Day 15 AAPL/Info.plist";
				IPHONEOS_DEPLOYMENT_TARGET = 7.0;
				LD_RUNPATH_SEARCH_PATHS = "$(inherited) @executable_path/Frameworks";
				PRODUCT_NAME = "$(TARGET_NAME)";
			};
			name = Debug;
		};
		036F000819AA8B4E00C98397 /* Release */ = {
			isa = XCBuildConfiguration;
			buildSettings = {
				ASSETCATALOG_COMPILER_APPICON_NAME = AppIcon;
				ASSETCATALOG_COMPILER_LAUNCHIMAGE_NAME = LaunchImage;
				INFOPLIST_FILE = "Day 15 AAPL/Info.plist";
				IPHONEOS_DEPLOYMENT_TARGET = 7.0;
				LD_RUNPATH_SEARCH_PATHS = "$(inherited) @executable_path/Frameworks";
				PRODUCT_NAME = "$(TARGET_NAME)";
			};
			name = Release;
		};
		036F000A19AA8B4E00C98397 /* Debug */ = {
			isa = XCBuildConfiguration;
			buildSettings = {
				BUNDLE_LOADER = "$(TEST_HOST)";
				FRAMEWORK_SEARCH_PATHS = (
					"$(SDKROOT)/Developer/Library/Frameworks",
					"$(inherited)",
				);
				GCC_PREPROCESSOR_DEFINITIONS = (
					"DEBUG=1",
					"$(inherited)",
				);
				INFOPLIST_FILE = "Day 15 AAPLTests/Info.plist";
				LD_RUNPATH_SEARCH_PATHS = "$(inherited) @executable_path/Frameworks @loader_path/Frameworks";
				PRODUCT_NAME = "$(TARGET_NAME)";
				TEST_HOST = "$(BUILT_PRODUCTS_DIR)/Day 15 AAPL.app/Day 15 AAPL";
			};
			name = Debug;
		};
		036F000B19AA8B4E00C98397 /* Release */ = {
			isa = XCBuildConfiguration;
			buildSettings = {
				BUNDLE_LOADER = "$(TEST_HOST)";
				FRAMEWORK_SEARCH_PATHS = (
					"$(SDKROOT)/Developer/Library/Frameworks",
					"$(inherited)",
				);
				INFOPLIST_FILE = "Day 15 AAPLTests/Info.plist";
				LD_RUNPATH_SEARCH_PATHS = "$(inherited) @executable_path/Frameworks @loader_path/Frameworks";
				PRODUCT_NAME = "$(TARGET_NAME)";
				TEST_HOST = "$(BUILT_PRODUCTS_DIR)/Day 15 AAPL.app/Day 15 AAPL";
			};
			name = Release;
		};
/* End XCBuildConfiguration section */

/* Begin XCConfigurationList section */
		036F000619AA8B4E00C98397 /* Build configuration list for PBXNativeTarget "Day 15 AAPL" */ = {
			isa = XCConfigurationList;
			buildConfigurations = (
				036F000719AA8B4E00C98397 /* Debug */,
				036F000819AA8B4E00C98397 /* Release */,
			);
			defaultConfigurationIsVisible = 0;
		};
		036F000919AA8B4E00C98397 /* Build configuration list for PBXNativeTarget "Day 15 AAPLTests" */ = {
			isa = XCConfigurationList;
			buildConfigurations = (
				036F000A19AA8B4E00C98397 /* Debug */,
				036F000B19AA8B4E00C98397 /* Release */,
			);
			defaultConfigurationIsVisible = 0;
		};
		036FFFE119AA8B4E00C98397 /* Build configuration list for PBXProject "Day 15 AAPL" */ = {
			isa = XCConfigurationList;
			buildConfigurations = (
				036F000419AA8B4E00C98397 /* Debug */,
				036F000519AA8B4E00C98397 /* Release */,
			);
			defaultConfigurationIsVisible = 0;
			defaultConfigurationName = Release;
		};
/* End XCConfigurationList section */
	};
	rootObject = 036FFFDE19AA8B4E00C98397 /* Project object */;
}
